// !$*UTF8*$!
{
	archiveVersion = 1;
	classes = {
	};
	objectVersion = 55;
	objects = {

/* Begin PBXBuildFile section */
		0EFBC932A1F248BBB52E61D1 /* Pods_goalzTests.framework in Frameworks */ = {isa = PBXBuildFile; fileRef = D17B2A33399F621DEB3C2555 /* Pods_goalzTests.framework */; };
		388307968037DD6CFEEDF0D6 /* Pods_goalz_WatchKit_App_goalz_WatchKit_AppUITests.framework in Frameworks */ = {isa = PBXBuildFile; fileRef = 06C06E2067FE40ED72C2CD8D /* Pods_goalz_WatchKit_App_goalz_WatchKit_AppUITests.framework */; };
		6B1099B2BEA745E9EC38AEEE /* Pods_goalz_goalzUITests.framework in Frameworks */ = {isa = PBXBuildFile; fileRef = A76D369445265FD63A9F453E /* Pods_goalz_goalzUITests.framework */; };
		8968AA2900925E3DD3E86CCE /* Pods_goalz.framework in Frameworks */ = {isa = PBXBuildFile; fileRef = 58618CCE2DF2BDC6A65B3EC6 /* Pods_goalz.framework */; };
		95BD878A282C7FF600FEBA1B /* GoogleService-Info.plist in Resources */ = {isa = PBXBuildFile; fileRef = 95BD8789282C7F9000FEBA1B /* GoogleService-Info.plist */; };
		95BD878B282C7FF600FEBA1B /* GoogleService-Info.plist in Resources */ = {isa = PBXBuildFile; fileRef = 95BD8789282C7F9000FEBA1B /* GoogleService-Info.plist */; };
		95BD878C282C7FF700FEBA1B /* GoogleService-Info.plist in Resources */ = {isa = PBXBuildFile; fileRef = 95BD8789282C7F9000FEBA1B /* GoogleService-Info.plist */; };
		95BD878D282C7FF800FEBA1B /* GoogleService-Info.plist in Resources */ = {isa = PBXBuildFile; fileRef = 95BD8789282C7F9000FEBA1B /* GoogleService-Info.plist */; };
		95BD878E282C7FF800FEBA1B /* GoogleService-Info.plist in Resources */ = {isa = PBXBuildFile; fileRef = 95BD8789282C7F9000FEBA1B /* GoogleService-Info.plist */; };
		95BD878F282C7FF900FEBA1B /* GoogleService-Info.plist in Resources */ = {isa = PBXBuildFile; fileRef = 95BD8789282C7F9000FEBA1B /* GoogleService-Info.plist */; };
		95BD8790282C7FF900FEBA1B /* GoogleService-Info.plist in Resources */ = {isa = PBXBuildFile; fileRef = 95BD8789282C7F9000FEBA1B /* GoogleService-Info.plist */; };
		95BD8792282C8FFC00FEBA1B /* participants.swift in Sources */ = {isa = PBXBuildFile; fileRef = 95BD8791282C8FFC00FEBA1B /* participants.swift */; };
		95D9C2C828206D2200982FD2 /* goalzApp.swift in Sources */ = {isa = PBXBuildFile; fileRef = 95D9C2C728206D2200982FD2 /* goalzApp.swift */; };
		95D9C2CA28206D2200982FD2 /* ContentView.swift in Sources */ = {isa = PBXBuildFile; fileRef = 95D9C2C928206D2200982FD2 /* ContentView.swift */; };
		95D9C2CC28206D2400982FD2 /* Assets.xcassets in Resources */ = {isa = PBXBuildFile; fileRef = 95D9C2CB28206D2400982FD2 /* Assets.xcassets */; };
		95D9C2CF28206D2400982FD2 /* Preview Assets.xcassets in Resources */ = {isa = PBXBuildFile; fileRef = 95D9C2CE28206D2400982FD2 /* Preview Assets.xcassets */; };
		95D9C2D928206D2400982FD2 /* goalzTests.swift in Sources */ = {isa = PBXBuildFile; fileRef = 95D9C2D828206D2400982FD2 /* goalzTests.swift */; };
		95D9C2E328206D2400982FD2 /* goalzUITests.swift in Sources */ = {isa = PBXBuildFile; fileRef = 95D9C2E228206D2400982FD2 /* goalzUITests.swift */; };
		95D9C2E528206D2400982FD2 /* goalzUITestsLaunchTests.swift in Sources */ = {isa = PBXBuildFile; fileRef = 95D9C2E428206D2400982FD2 /* goalzUITestsLaunchTests.swift */; };
		95D9C2EE28206D2500982FD2 /* Assets.xcassets in Resources */ = {isa = PBXBuildFile; fileRef = 95D9C2ED28206D2500982FD2 /* Assets.xcassets */; };
		95D9C2F928206D2500982FD2 /* goalzApp.swift in Sources */ = {isa = PBXBuildFile; fileRef = 95D9C2F828206D2500982FD2 /* goalzApp.swift */; };
		95D9C2FB28206D2500982FD2 /* ContentView.swift in Sources */ = {isa = PBXBuildFile; fileRef = 95D9C2FA28206D2500982FD2 /* ContentView.swift */; };
		95D9C2FD28206D2500982FD2 /* NotificationController.swift in Sources */ = {isa = PBXBuildFile; fileRef = 95D9C2FC28206D2500982FD2 /* NotificationController.swift */; };
		95D9C2FF28206D2500982FD2 /* NotificationView.swift in Sources */ = {isa = PBXBuildFile; fileRef = 95D9C2FE28206D2500982FD2 /* NotificationView.swift */; };
		95D9C30128206D2500982FD2 /* ComplicationController.swift in Sources */ = {isa = PBXBuildFile; fileRef = 95D9C30028206D2500982FD2 /* ComplicationController.swift */; };
		95D9C30328206D2600982FD2 /* Assets.xcassets in Resources */ = {isa = PBXBuildFile; fileRef = 95D9C30228206D2600982FD2 /* Assets.xcassets */; };
		95D9C30628206D2600982FD2 /* Preview Assets.xcassets in Resources */ = {isa = PBXBuildFile; fileRef = 95D9C30528206D2600982FD2 /* Preview Assets.xcassets */; };
		95D9C31228206D2600982FD2 /* goalz_WatchKit_AppTests.swift in Sources */ = {isa = PBXBuildFile; fileRef = 95D9C31128206D2600982FD2 /* goalz_WatchKit_AppTests.swift */; };
		95D9C31C28206D2600982FD2 /* goalz_WatchKit_AppUITests.swift in Sources */ = {isa = PBXBuildFile; fileRef = 95D9C31B28206D2600982FD2 /* goalz_WatchKit_AppUITests.swift */; };
		95D9C31E28206D2600982FD2 /* goalz_WatchKit_AppUITestsLaunchTests.swift in Sources */ = {isa = PBXBuildFile; fileRef = 95D9C31D28206D2600982FD2 /* goalz_WatchKit_AppUITestsLaunchTests.swift */; };
		95D9C33928206D8D00982FD2 /* TabBarView.swift in Sources */ = {isa = PBXBuildFile; fileRef = 95D9C33828206D8D00982FD2 /* TabBarView.swift */; };
		95D9C33B28206DD400982FD2 /* DailyAssessmentView.swift in Sources */ = {isa = PBXBuildFile; fileRef = 95D9C33A28206DD400982FD2 /* DailyAssessmentView.swift */; };
		95D9C33D28206E5900982FD2 /* GoalView.swift in Sources */ = {isa = PBXBuildFile; fileRef = 95D9C33C28206E5900982FD2 /* GoalView.swift */; };
		95D9C3462820815700982FD2 /* RingView.swift in Sources */ = {isa = PBXBuildFile; fileRef = 95D9C3452820815700982FD2 /* RingView.swift */; };
		95D9C34A2824F75300982FD2 /* HealthKit.framework in Frameworks */ = {isa = PBXBuildFile; fileRef = 95D9C3492824F75300982FD2 /* HealthKit.framework */; };
		95D9C34C2824F91500982FD2 /* HealthData.swift in Sources */ = {isa = PBXBuildFile; fileRef = 95D9C34B2824F91500982FD2 /* HealthData.swift */; };
		95D9C34E2824FA1A00982FD2 /* WelcomeViewController.swift in Sources */ = {isa = PBXBuildFile; fileRef = 95D9C34D2824FA1900982FD2 /* WelcomeViewController.swift */; };
		95D9C3502824FE6B00982FD2 /* RingViewController.swift in Sources */ = {isa = PBXBuildFile; fileRef = 95D9C34F2824FE6B00982FD2 /* RingViewController.swift */; };
		95D9C3522825026800982FD2 /* HealthKitSupport.swift in Sources */ = {isa = PBXBuildFile; fileRef = 95D9C3512825026800982FD2 /* HealthKitSupport.swift */; };
		95D9C3542825089500982FD2 /* HealthDataTypeValue.swift in Sources */ = {isa = PBXBuildFile; fileRef = 95D9C3532825089500982FD2 /* HealthDataTypeValue.swift */; };
		95D9C3562825AF6A00982FD2 /* RadioButtonField.swift in Sources */ = {isa = PBXBuildFile; fileRef = 95D9C3552825AF6A00982FD2 /* RadioButtonField.swift */; };
		95EC8826282B813E0036AAD5 /* Model.xcdatamodeld in Sources */ = {isa = PBXBuildFile; fileRef = 95EC8824282B813E0036AAD5 /* Model.xcdatamodeld */; };
		95EC8828282B81AD0036AAD5 /* PersistenceController.swift in Sources */ = {isa = PBXBuildFile; fileRef = 95EC8827282B81AD0036AAD5 /* PersistenceController.swift */; };
		95EC882A282B84EA0036AAD5 /* Onboarding.swift in Sources */ = {isa = PBXBuildFile; fileRef = 95EC8829282B84E90036AAD5 /* Onboarding.swift */; };
		95EC882C282B85210036AAD5 /* PageControl.swift in Sources */ = {isa = PBXBuildFile; fileRef = 95EC882B282B85210036AAD5 /* PageControl.swift */; };
		B57BF9435DDC12B9D17628B6 /* Pods_goalz_WatchKit_App.framework in Frameworks */ = {isa = PBXBuildFile; fileRef = 4FCA7EAA6D777B4C1C53C626 /* Pods_goalz_WatchKit_App.framework */; };
		E584ED38245EB6EED9457AAE /* Pods_goalz_WatchKit_Extension.framework in Frameworks */ = {isa = PBXBuildFile; fileRef = FF8E658F41F51175879196AD /* Pods_goalz_WatchKit_Extension.framework */; };
		F8D9DF3945DE274A5DAB9E06 /* Pods_goalz_WatchKit_AppTests.framework in Frameworks */ = {isa = PBXBuildFile; fileRef = 57B31AA2A28EACBEE755A825 /* Pods_goalz_WatchKit_AppTests.framework */; };
/* End PBXBuildFile section */

/* Begin PBXContainerItemProxy section */
		95D9C2D528206D2400982FD2 /* PBXContainerItemProxy */ = {
			isa = PBXContainerItemProxy;
			containerPortal = 95D9C2BC28206D2200982FD2 /* Project object */;
			proxyType = 1;
			remoteGlobalIDString = 95D9C2C328206D2200982FD2;
			remoteInfo = goalz;
		};
		95D9C2DF28206D2400982FD2 /* PBXContainerItemProxy */ = {
			isa = PBXContainerItemProxy;
			containerPortal = 95D9C2BC28206D2200982FD2 /* Project object */;
			proxyType = 1;
			remoteGlobalIDString = 95D9C2C328206D2200982FD2;
			remoteInfo = goalz;
		};
		95D9C2EA28206D2400982FD2 /* PBXContainerItemProxy */ = {
			isa = PBXContainerItemProxy;
			containerPortal = 95D9C2BC28206D2200982FD2 /* Project object */;
			proxyType = 1;
			remoteGlobalIDString = 95D9C2E728206D2400982FD2;
			remoteInfo = "goalz WatchKit App";
		};
		95D9C2F528206D2500982FD2 /* PBXContainerItemProxy */ = {
			isa = PBXContainerItemProxy;
			containerPortal = 95D9C2BC28206D2200982FD2 /* Project object */;
			proxyType = 1;
			remoteGlobalIDString = 95D9C2F228206D2500982FD2;
			remoteInfo = "goalz WatchKit Extension";
		};
		95D9C30E28206D2600982FD2 /* PBXContainerItemProxy */ = {
			isa = PBXContainerItemProxy;
			containerPortal = 95D9C2BC28206D2200982FD2 /* Project object */;
			proxyType = 1;
			remoteGlobalIDString = 95D9C2F228206D2500982FD2;
			remoteInfo = "goalz WatchKit Extension";
		};
		95D9C31828206D2600982FD2 /* PBXContainerItemProxy */ = {
			isa = PBXContainerItemProxy;
			containerPortal = 95D9C2BC28206D2200982FD2 /* Project object */;
			proxyType = 1;
			remoteGlobalIDString = 95D9C2E728206D2400982FD2;
			remoteInfo = "goalz WatchKit App";
		};
/* End PBXContainerItemProxy section */

/* Begin PBXCopyFilesBuildPhase section */
		95D9C32428206D2600982FD2 /* Embed App Extensions */ = {
			isa = PBXCopyFilesBuildPhase;
			buildActionMask = 2147483647;
			dstPath = "";
			dstSubfolderSpec = 13;
			files = (
			);
			name = "Embed App Extensions";
			runOnlyForDeploymentPostprocessing = 0;
		};
		95D9C32828206D2600982FD2 /* Embed Watch Content */ = {
			isa = PBXCopyFilesBuildPhase;
			buildActionMask = 2147483647;
			dstPath = "$(CONTENTS_FOLDER_PATH)/Watch";
			dstSubfolderSpec = 16;
			files = (
			);
			name = "Embed Watch Content";
			runOnlyForDeploymentPostprocessing = 0;
		};
/* End PBXCopyFilesBuildPhase section */

/* Begin PBXFileReference section */
		04E270365821C8C7C0C51C9D /* Pods-goalz-goalzUITests.release.xcconfig */ = {isa = PBXFileReference; includeInIndex = 1; lastKnownFileType = text.xcconfig; name = "Pods-goalz-goalzUITests.release.xcconfig"; path = "Target Support Files/Pods-goalz-goalzUITests/Pods-goalz-goalzUITests.release.xcconfig"; sourceTree = "<group>"; };
		06C06E2067FE40ED72C2CD8D /* Pods_goalz_WatchKit_App_goalz_WatchKit_AppUITests.framework */ = {isa = PBXFileReference; explicitFileType = wrapper.framework; includeInIndex = 0; path = Pods_goalz_WatchKit_App_goalz_WatchKit_AppUITests.framework; sourceTree = BUILT_PRODUCTS_DIR; };
		0FD4C890F1155E3DCFE8A347 /* Pods-goalz WatchKit Extension.debug.xcconfig */ = {isa = PBXFileReference; includeInIndex = 1; lastKnownFileType = text.xcconfig; name = "Pods-goalz WatchKit Extension.debug.xcconfig"; path = "Target Support Files/Pods-goalz WatchKit Extension/Pods-goalz WatchKit Extension.debug.xcconfig"; sourceTree = "<group>"; };
		114CB14B6F20B8DC2464278A /* Pods-goalz WatchKit AppTests.release.xcconfig */ = {isa = PBXFileReference; includeInIndex = 1; lastKnownFileType = text.xcconfig; name = "Pods-goalz WatchKit AppTests.release.xcconfig"; path = "Target Support Files/Pods-goalz WatchKit AppTests/Pods-goalz WatchKit AppTests.release.xcconfig"; sourceTree = "<group>"; };
		17F456A3C12DEE7462AD4DEC /* Pods-goalz WatchKit App-goalz WatchKit AppUITests.release.xcconfig */ = {isa = PBXFileReference; includeInIndex = 1; lastKnownFileType = text.xcconfig; name = "Pods-goalz WatchKit App-goalz WatchKit AppUITests.release.xcconfig"; path = "Target Support Files/Pods-goalz WatchKit App-goalz WatchKit AppUITests/Pods-goalz WatchKit App-goalz WatchKit AppUITests.release.xcconfig"; sourceTree = "<group>"; };
		19B19053152F44B596724D66 /* Pods-goalz.debug.xcconfig */ = {isa = PBXFileReference; includeInIndex = 1; lastKnownFileType = text.xcconfig; name = "Pods-goalz.debug.xcconfig"; path = "Target Support Files/Pods-goalz/Pods-goalz.debug.xcconfig"; sourceTree = "<group>"; };
		4FCA7EAA6D777B4C1C53C626 /* Pods_goalz_WatchKit_App.framework */ = {isa = PBXFileReference; explicitFileType = wrapper.framework; includeInIndex = 0; path = Pods_goalz_WatchKit_App.framework; sourceTree = BUILT_PRODUCTS_DIR; };
		57B31AA2A28EACBEE755A825 /* Pods_goalz_WatchKit_AppTests.framework */ = {isa = PBXFileReference; explicitFileType = wrapper.framework; includeInIndex = 0; path = Pods_goalz_WatchKit_AppTests.framework; sourceTree = BUILT_PRODUCTS_DIR; };
		58618CCE2DF2BDC6A65B3EC6 /* Pods_goalz.framework */ = {isa = PBXFileReference; explicitFileType = wrapper.framework; includeInIndex = 0; path = Pods_goalz.framework; sourceTree = BUILT_PRODUCTS_DIR; };
		86DBFE4D69384E33C9962360 /* Pods-goalz WatchKit App.debug.xcconfig */ = {isa = PBXFileReference; includeInIndex = 1; lastKnownFileType = text.xcconfig; name = "Pods-goalz WatchKit App.debug.xcconfig"; path = "Target Support Files/Pods-goalz WatchKit App/Pods-goalz WatchKit App.debug.xcconfig"; sourceTree = "<group>"; };
		8C22D9ACD8A661BA27291E4E /* Pods-goalzTests.release.xcconfig */ = {isa = PBXFileReference; includeInIndex = 1; lastKnownFileType = text.xcconfig; name = "Pods-goalzTests.release.xcconfig"; path = "Target Support Files/Pods-goalzTests/Pods-goalzTests.release.xcconfig"; sourceTree = "<group>"; };
		955B835E282C6B2E0058BBC9 /* goalz.app */ = {isa = PBXFileReference; explicitFileType = wrapper.application; includeInIndex = 0; path = goalz.app; sourceTree = BUILT_PRODUCTS_DIR; };
		955B835F282C6B2E0058BBC9 /* goalz WatchKit App.app */ = {isa = PBXFileReference; explicitFileType = wrapper.application; includeInIndex = 0; path = "goalz WatchKit App.app"; sourceTree = BUILT_PRODUCTS_DIR; };
		955B8360282C6B2E0058BBC9 /* goalz WatchKit Extension.appex */ = {isa = PBXFileReference; explicitFileType = "wrapper.app-extension"; includeInIndex = 0; path = "goalz WatchKit Extension.appex"; sourceTree = BUILT_PRODUCTS_DIR; };
		95BD8785282C7E0300FEBA1B /* goalzTests.xctest */ = {isa = PBXFileReference; explicitFileType = wrapper.cfbundle; includeInIndex = 0; path = goalzTests.xctest; sourceTree = BUILT_PRODUCTS_DIR; };
		95BD8786282C7E0300FEBA1B /* goalzUITests.xctest */ = {isa = PBXFileReference; explicitFileType = wrapper.cfbundle; includeInIndex = 0; path = goalzUITests.xctest; sourceTree = BUILT_PRODUCTS_DIR; };
		95BD8787282C7E0300FEBA1B /* goalz WatchKit AppTests.xctest */ = {isa = PBXFileReference; explicitFileType = wrapper.cfbundle; includeInIndex = 0; path = "goalz WatchKit AppTests.xctest"; sourceTree = BUILT_PRODUCTS_DIR; };
		95BD8788282C7E0300FEBA1B /* goalz WatchKit AppUITests.xctest */ = {isa = PBXFileReference; explicitFileType = wrapper.cfbundle; includeInIndex = 0; path = "goalz WatchKit AppUITests.xctest"; sourceTree = BUILT_PRODUCTS_DIR; };
		95BD8789282C7F9000FEBA1B /* GoogleService-Info.plist */ = {isa = PBXFileReference; lastKnownFileType = text.plist.xml; path = "GoogleService-Info.plist"; sourceTree = "<group>"; };
		95BD8791282C8FFC00FEBA1B /* participants.swift */ = {isa = PBXFileReference; lastKnownFileType = sourcecode.swift; path = participants.swift; sourceTree = "<group>"; };
		95D9C2C728206D2200982FD2 /* goalzApp.swift */ = {isa = PBXFileReference; lastKnownFileType = sourcecode.swift; path = goalzApp.swift; sourceTree = "<group>"; };
		95D9C2C928206D2200982FD2 /* ContentView.swift */ = {isa = PBXFileReference; lastKnownFileType = sourcecode.swift; path = ContentView.swift; sourceTree = "<group>"; };
		95D9C2CB28206D2400982FD2 /* Assets.xcassets */ = {isa = PBXFileReference; lastKnownFileType = folder.assetcatalog; path = Assets.xcassets; sourceTree = "<group>"; };
		95D9C2CE28206D2400982FD2 /* Preview Assets.xcassets */ = {isa = PBXFileReference; lastKnownFileType = folder.assetcatalog; path = "Preview Assets.xcassets"; sourceTree = "<group>"; };
		95D9C2D828206D2400982FD2 /* goalzTests.swift */ = {isa = PBXFileReference; lastKnownFileType = sourcecode.swift; path = goalzTests.swift; sourceTree = "<group>"; };
		95D9C2E228206D2400982FD2 /* goalzUITests.swift */ = {isa = PBXFileReference; lastKnownFileType = sourcecode.swift; path = goalzUITests.swift; sourceTree = "<group>"; };
		95D9C2E428206D2400982FD2 /* goalzUITestsLaunchTests.swift */ = {isa = PBXFileReference; lastKnownFileType = sourcecode.swift; path = goalzUITestsLaunchTests.swift; sourceTree = "<group>"; };
		95D9C2ED28206D2500982FD2 /* Assets.xcassets */ = {isa = PBXFileReference; lastKnownFileType = folder.assetcatalog; path = Assets.xcassets; sourceTree = "<group>"; };
		95D9C2F828206D2500982FD2 /* goalzApp.swift */ = {isa = PBXFileReference; lastKnownFileType = sourcecode.swift; path = goalzApp.swift; sourceTree = "<group>"; };
		95D9C2FA28206D2500982FD2 /* ContentView.swift */ = {isa = PBXFileReference; lastKnownFileType = sourcecode.swift; path = ContentView.swift; sourceTree = "<group>"; };
		95D9C2FC28206D2500982FD2 /* NotificationController.swift */ = {isa = PBXFileReference; lastKnownFileType = sourcecode.swift; path = NotificationController.swift; sourceTree = "<group>"; };
		95D9C2FE28206D2500982FD2 /* NotificationView.swift */ = {isa = PBXFileReference; lastKnownFileType = sourcecode.swift; path = NotificationView.swift; sourceTree = "<group>"; };
		95D9C30028206D2500982FD2 /* ComplicationController.swift */ = {isa = PBXFileReference; lastKnownFileType = sourcecode.swift; path = ComplicationController.swift; sourceTree = "<group>"; };
		95D9C30228206D2600982FD2 /* Assets.xcassets */ = {isa = PBXFileReference; lastKnownFileType = folder.assetcatalog; path = Assets.xcassets; sourceTree = "<group>"; };
		95D9C30528206D2600982FD2 /* Preview Assets.xcassets */ = {isa = PBXFileReference; lastKnownFileType = folder.assetcatalog; path = "Preview Assets.xcassets"; sourceTree = "<group>"; };
		95D9C30728206D2600982FD2 /* Info.plist */ = {isa = PBXFileReference; lastKnownFileType = text.plist.xml; path = Info.plist; sourceTree = "<group>"; };
		95D9C30828206D2600982FD2 /* PushNotificationPayload.apns */ = {isa = PBXFileReference; lastKnownFileType = text; path = PushNotificationPayload.apns; sourceTree = "<group>"; };
		95D9C31128206D2600982FD2 /* goalz_WatchKit_AppTests.swift */ = {isa = PBXFileReference; lastKnownFileType = sourcecode.swift; path = goalz_WatchKit_AppTests.swift; sourceTree = "<group>"; };
		95D9C31B28206D2600982FD2 /* goalz_WatchKit_AppUITests.swift */ = {isa = PBXFileReference; lastKnownFileType = sourcecode.swift; path = goalz_WatchKit_AppUITests.swift; sourceTree = "<group>"; };
		95D9C31D28206D2600982FD2 /* goalz_WatchKit_AppUITestsLaunchTests.swift */ = {isa = PBXFileReference; lastKnownFileType = sourcecode.swift; path = goalz_WatchKit_AppUITestsLaunchTests.swift; sourceTree = "<group>"; };
		95D9C33828206D8D00982FD2 /* TabBarView.swift */ = {isa = PBXFileReference; lastKnownFileType = sourcecode.swift; path = TabBarView.swift; sourceTree = "<group>"; };
		95D9C33A28206DD400982FD2 /* DailyAssessmentView.swift */ = {isa = PBXFileReference; lastKnownFileType = sourcecode.swift; path = DailyAssessmentView.swift; sourceTree = "<group>"; };
		95D9C33C28206E5900982FD2 /* GoalView.swift */ = {isa = PBXFileReference; lastKnownFileType = sourcecode.swift; path = GoalView.swift; sourceTree = "<group>"; };
		95D9C3452820815700982FD2 /* RingView.swift */ = {isa = PBXFileReference; lastKnownFileType = sourcecode.swift; path = RingView.swift; sourceTree = "<group>"; };
		95D9C3472824F75300982FD2 /* goalz.entitlements */ = {isa = PBXFileReference; lastKnownFileType = text.plist.entitlements; path = goalz.entitlements; sourceTree = "<group>"; };
		95D9C3492824F75300982FD2 /* HealthKit.framework */ = {isa = PBXFileReference; lastKnownFileType = wrapper.framework; name = HealthKit.framework; path = Platforms/iPhoneOS.platform/Developer/SDKs/iPhoneOS15.4.sdk/System/Library/Frameworks/HealthKit.framework; sourceTree = DEVELOPER_DIR; };
		95D9C34B2824F91500982FD2 /* HealthData.swift */ = {isa = PBXFileReference; lastKnownFileType = sourcecode.swift; path = HealthData.swift; sourceTree = "<group>"; };
		95D9C34D2824FA1900982FD2 /* WelcomeViewController.swift */ = {isa = PBXFileReference; lastKnownFileType = sourcecode.swift; path = WelcomeViewController.swift; sourceTree = "<group>"; };
		95D9C34F2824FE6B00982FD2 /* RingViewController.swift */ = {isa = PBXFileReference; lastKnownFileType = sourcecode.swift; path = RingViewController.swift; sourceTree = "<group>"; };
		95D9C3512825026800982FD2 /* HealthKitSupport.swift */ = {isa = PBXFileReference; lastKnownFileType = sourcecode.swift; path = HealthKitSupport.swift; sourceTree = "<group>"; };
		95D9C3532825089500982FD2 /* HealthDataTypeValue.swift */ = {isa = PBXFileReference; lastKnownFileType = sourcecode.swift; path = HealthDataTypeValue.swift; sourceTree = "<group>"; };
		95D9C3552825AF6A00982FD2 /* RadioButtonField.swift */ = {isa = PBXFileReference; lastKnownFileType = sourcecode.swift; path = RadioButtonField.swift; sourceTree = "<group>"; };
		95EC8825282B813E0036AAD5 /* Model.xcdatamodel */ = {isa = PBXFileReference; lastKnownFileType = wrapper.xcdatamodel; path = Model.xcdatamodel; sourceTree = "<group>"; };
		95EC8827282B81AD0036AAD5 /* PersistenceController.swift */ = {isa = PBXFileReference; lastKnownFileType = sourcecode.swift; path = PersistenceController.swift; sourceTree = "<group>"; };
		95EC8829282B84E90036AAD5 /* Onboarding.swift */ = {isa = PBXFileReference; lastKnownFileType = sourcecode.swift; path = Onboarding.swift; sourceTree = "<group>"; };
		95EC882B282B85210036AAD5 /* PageControl.swift */ = {isa = PBXFileReference; lastKnownFileType = sourcecode.swift; path = PageControl.swift; sourceTree = "<group>"; };
		9A1A7BD506B593275969D749 /* Pods-goalz WatchKit App.release.xcconfig */ = {isa = PBXFileReference; includeInIndex = 1; lastKnownFileType = text.xcconfig; name = "Pods-goalz WatchKit App.release.xcconfig"; path = "Target Support Files/Pods-goalz WatchKit App/Pods-goalz WatchKit App.release.xcconfig"; sourceTree = "<group>"; };
		9CEC3279CBC98BF6C56A454D /* Pods-goalz WatchKit App-goalz WatchKit AppUITests.debug.xcconfig */ = {isa = PBXFileReference; includeInIndex = 1; lastKnownFileType = text.xcconfig; name = "Pods-goalz WatchKit App-goalz WatchKit AppUITests.debug.xcconfig"; path = "Target Support Files/Pods-goalz WatchKit App-goalz WatchKit AppUITests/Pods-goalz WatchKit App-goalz WatchKit AppUITests.debug.xcconfig"; sourceTree = "<group>"; };
		9D98996894F8BD1B2FC73352 /* Pods-goalz WatchKit AppTests.debug.xcconfig */ = {isa = PBXFileReference; includeInIndex = 1; lastKnownFileType = text.xcconfig; name = "Pods-goalz WatchKit AppTests.debug.xcconfig"; path = "Target Support Files/Pods-goalz WatchKit AppTests/Pods-goalz WatchKit AppTests.debug.xcconfig"; sourceTree = "<group>"; };
		A43E159D6DF1C70D1118228C /* Pods-goalz.release.xcconfig */ = {isa = PBXFileReference; includeInIndex = 1; lastKnownFileType = text.xcconfig; name = "Pods-goalz.release.xcconfig"; path = "Target Support Files/Pods-goalz/Pods-goalz.release.xcconfig"; sourceTree = "<group>"; };
		A76D369445265FD63A9F453E /* Pods_goalz_goalzUITests.framework */ = {isa = PBXFileReference; explicitFileType = wrapper.framework; includeInIndex = 0; path = Pods_goalz_goalzUITests.framework; sourceTree = BUILT_PRODUCTS_DIR; };
		CACF411EFF92E94CF95DF551 /* Pods-goalz WatchKit Extension.release.xcconfig */ = {isa = PBXFileReference; includeInIndex = 1; lastKnownFileType = text.xcconfig; name = "Pods-goalz WatchKit Extension.release.xcconfig"; path = "Target Support Files/Pods-goalz WatchKit Extension/Pods-goalz WatchKit Extension.release.xcconfig"; sourceTree = "<group>"; };
		D17B2A33399F621DEB3C2555 /* Pods_goalzTests.framework */ = {isa = PBXFileReference; explicitFileType = wrapper.framework; includeInIndex = 0; path = Pods_goalzTests.framework; sourceTree = BUILT_PRODUCTS_DIR; };
		DB10FEF81F3DF8B8D9D854C5 /* Pods-goalz-goalzUITests.debug.xcconfig */ = {isa = PBXFileReference; includeInIndex = 1; lastKnownFileType = text.xcconfig; name = "Pods-goalz-goalzUITests.debug.xcconfig"; path = "Target Support Files/Pods-goalz-goalzUITests/Pods-goalz-goalzUITests.debug.xcconfig"; sourceTree = "<group>"; };
		E597DB55521758E664CB7982 /* Pods-goalzTests.debug.xcconfig */ = {isa = PBXFileReference; includeInIndex = 1; lastKnownFileType = text.xcconfig; name = "Pods-goalzTests.debug.xcconfig"; path = "Target Support Files/Pods-goalzTests/Pods-goalzTests.debug.xcconfig"; sourceTree = "<group>"; };
		FF8E658F41F51175879196AD /* Pods_goalz_WatchKit_Extension.framework */ = {isa = PBXFileReference; explicitFileType = wrapper.framework; includeInIndex = 0; path = Pods_goalz_WatchKit_Extension.framework; sourceTree = BUILT_PRODUCTS_DIR; };
/* End PBXFileReference section */

/* Begin PBXFrameworksBuildPhase section */
		353BEEB5139D086C15690B32 /* Frameworks */ = {
			isa = PBXFrameworksBuildPhase;
			buildActionMask = 2147483647;
			files = (
				B57BF9435DDC12B9D17628B6 /* Pods_goalz_WatchKit_App.framework in Frameworks */,
			);
			runOnlyForDeploymentPostprocessing = 0;
		};
		95D9C2C128206D2200982FD2 /* Frameworks */ = {
			isa = PBXFrameworksBuildPhase;
			buildActionMask = 2147483647;
			files = (
				95D9C34A2824F75300982FD2 /* HealthKit.framework in Frameworks */,
				8968AA2900925E3DD3E86CCE /* Pods_goalz.framework in Frameworks */,
			);
			runOnlyForDeploymentPostprocessing = 0;
		};
		95D9C2D128206D2400982FD2 /* Frameworks */ = {
			isa = PBXFrameworksBuildPhase;
			buildActionMask = 2147483647;
			files = (
				0EFBC932A1F248BBB52E61D1 /* Pods_goalzTests.framework in Frameworks */,
			);
			runOnlyForDeploymentPostprocessing = 0;
		};
		95D9C2DB28206D2400982FD2 /* Frameworks */ = {
			isa = PBXFrameworksBuildPhase;
			buildActionMask = 2147483647;
			files = (
				6B1099B2BEA745E9EC38AEEE /* Pods_goalz_goalzUITests.framework in Frameworks */,
			);
			runOnlyForDeploymentPostprocessing = 0;
		};
		95D9C2F028206D2500982FD2 /* Frameworks */ = {
			isa = PBXFrameworksBuildPhase;
			buildActionMask = 2147483647;
			files = (
				E584ED38245EB6EED9457AAE /* Pods_goalz_WatchKit_Extension.framework in Frameworks */,
			);
			runOnlyForDeploymentPostprocessing = 0;
		};
		95D9C30A28206D2600982FD2 /* Frameworks */ = {
			isa = PBXFrameworksBuildPhase;
			buildActionMask = 2147483647;
			files = (
				F8D9DF3945DE274A5DAB9E06 /* Pods_goalz_WatchKit_AppTests.framework in Frameworks */,
			);
			runOnlyForDeploymentPostprocessing = 0;
		};
		95D9C31428206D2600982FD2 /* Frameworks */ = {
			isa = PBXFrameworksBuildPhase;
			buildActionMask = 2147483647;
			files = (
				388307968037DD6CFEEDF0D6 /* Pods_goalz_WatchKit_App_goalz_WatchKit_AppUITests.framework in Frameworks */,
			);
			runOnlyForDeploymentPostprocessing = 0;
		};
/* End PBXFrameworksBuildPhase section */

/* Begin PBXGroup section */
		3B1C27ED15618AC327C2E302 /* Pods */ = {
			isa = PBXGroup;
			children = (
				19B19053152F44B596724D66 /* Pods-goalz.debug.xcconfig */,
				A43E159D6DF1C70D1118228C /* Pods-goalz.release.xcconfig */,
				86DBFE4D69384E33C9962360 /* Pods-goalz WatchKit App.debug.xcconfig */,
				9A1A7BD506B593275969D749 /* Pods-goalz WatchKit App.release.xcconfig */,
				9CEC3279CBC98BF6C56A454D /* Pods-goalz WatchKit App-goalz WatchKit AppUITests.debug.xcconfig */,
				17F456A3C12DEE7462AD4DEC /* Pods-goalz WatchKit App-goalz WatchKit AppUITests.release.xcconfig */,
				9D98996894F8BD1B2FC73352 /* Pods-goalz WatchKit AppTests.debug.xcconfig */,
				114CB14B6F20B8DC2464278A /* Pods-goalz WatchKit AppTests.release.xcconfig */,
				0FD4C890F1155E3DCFE8A347 /* Pods-goalz WatchKit Extension.debug.xcconfig */,
				CACF411EFF92E94CF95DF551 /* Pods-goalz WatchKit Extension.release.xcconfig */,
				DB10FEF81F3DF8B8D9D854C5 /* Pods-goalz-goalzUITests.debug.xcconfig */,
				04E270365821C8C7C0C51C9D /* Pods-goalz-goalzUITests.release.xcconfig */,
				E597DB55521758E664CB7982 /* Pods-goalzTests.debug.xcconfig */,
				8C22D9ACD8A661BA27291E4E /* Pods-goalzTests.release.xcconfig */,
			);
			path = Pods;
			sourceTree = "<group>";
		};
		95D9C2BB28206D2200982FD2 = {
			isa = PBXGroup;
			children = (
				95D9C2C628206D2200982FD2 /* goalz */,
				95D9C2D728206D2400982FD2 /* goalzTests */,
				95D9C2E128206D2400982FD2 /* goalzUITests */,
				95D9C2EC28206D2400982FD2 /* goalz WatchKit App */,
				95D9C2F728206D2500982FD2 /* goalz WatchKit Extension */,
				95D9C31028206D2600982FD2 /* goalz WatchKit AppTests */,
				95D9C31A28206D2600982FD2 /* goalz WatchKit AppUITests */,
				95D9C3482824F75300982FD2 /* Frameworks */,
				955B835E282C6B2E0058BBC9 /* goalz.app */,
				955B835F282C6B2E0058BBC9 /* goalz WatchKit App.app */,
				955B8360282C6B2E0058BBC9 /* goalz WatchKit Extension.appex */,
				3B1C27ED15618AC327C2E302 /* Pods */,
				95BD8785282C7E0300FEBA1B /* goalzTests.xctest */,
				95BD8786282C7E0300FEBA1B /* goalzUITests.xctest */,
				95BD8787282C7E0300FEBA1B /* goalz WatchKit AppTests.xctest */,
				95BD8788282C7E0300FEBA1B /* goalz WatchKit AppUITests.xctest */,
			);
			sourceTree = "<group>";
		};
		95D9C2C628206D2200982FD2 /* goalz */ = {
			isa = PBXGroup;
			children = (
				95BD8789282C7F9000FEBA1B /* GoogleService-Info.plist */,
				95D9C3472824F75300982FD2 /* goalz.entitlements */,
				95EC8824282B813E0036AAD5 /* Model.xcdatamodeld */,
				95D9C2C728206D2200982FD2 /* goalzApp.swift */,
				95D9C34B2824F91500982FD2 /* HealthData.swift */,
				95D9C34D2824FA1900982FD2 /* WelcomeViewController.swift */,
				95D9C33828206D8D00982FD2 /* TabBarView.swift */,
				95D9C33C28206E5900982FD2 /* GoalView.swift */,
				95EC8827282B81AD0036AAD5 /* PersistenceController.swift */,
				95EC8829282B84E90036AAD5 /* Onboarding.swift */,
				95EC882B282B85210036AAD5 /* PageControl.swift */,
				95D9C3552825AF6A00982FD2 /* RadioButtonField.swift */,
				95D9C3452820815700982FD2 /* RingView.swift */,
				95D9C34F2824FE6B00982FD2 /* RingViewController.swift */,
				95D9C3532825089500982FD2 /* HealthDataTypeValue.swift */,
				95D9C3512825026800982FD2 /* HealthKitSupport.swift */,
				95D9C33A28206DD400982FD2 /* DailyAssessmentView.swift */,
				95D9C2C928206D2200982FD2 /* ContentView.swift */,
				95BD8791282C8FFC00FEBA1B /* participants.swift */,
				95D9C2CB28206D2400982FD2 /* Assets.xcassets */,
				95D9C2CD28206D2400982FD2 /* Preview Content */,
			);
			path = goalz;
			sourceTree = "<group>";
		};
		95D9C2CD28206D2400982FD2 /* Preview Content */ = {
			isa = PBXGroup;
			children = (
				95D9C2CE28206D2400982FD2 /* Preview Assets.xcassets */,
			);
			path = "Preview Content";
			sourceTree = "<group>";
		};
		95D9C2D728206D2400982FD2 /* goalzTests */ = {
			isa = PBXGroup;
			children = (
				95D9C2D828206D2400982FD2 /* goalzTests.swift */,
			);
			path = goalzTests;
			sourceTree = "<group>";
		};
		95D9C2E128206D2400982FD2 /* goalzUITests */ = {
			isa = PBXGroup;
			children = (
				95D9C2E228206D2400982FD2 /* goalzUITests.swift */,
				95D9C2E428206D2400982FD2 /* goalzUITestsLaunchTests.swift */,
			);
			path = goalzUITests;
			sourceTree = "<group>";
		};
		95D9C2EC28206D2400982FD2 /* goalz WatchKit App */ = {
			isa = PBXGroup;
			children = (
				95D9C2ED28206D2500982FD2 /* Assets.xcassets */,
			);
			path = "goalz WatchKit App";
			sourceTree = "<group>";
		};
		95D9C2F728206D2500982FD2 /* goalz WatchKit Extension */ = {
			isa = PBXGroup;
			children = (
				95D9C2F828206D2500982FD2 /* goalzApp.swift */,
				95D9C2FA28206D2500982FD2 /* ContentView.swift */,
				95D9C2FC28206D2500982FD2 /* NotificationController.swift */,
				95D9C2FE28206D2500982FD2 /* NotificationView.swift */,
				95D9C30028206D2500982FD2 /* ComplicationController.swift */,
				95D9C30228206D2600982FD2 /* Assets.xcassets */,
				95D9C30728206D2600982FD2 /* Info.plist */,
				95D9C30828206D2600982FD2 /* PushNotificationPayload.apns */,
				95D9C30428206D2600982FD2 /* Preview Content */,
			);
			path = "goalz WatchKit Extension";
			sourceTree = "<group>";
		};
		95D9C30428206D2600982FD2 /* Preview Content */ = {
			isa = PBXGroup;
			children = (
				95D9C30528206D2600982FD2 /* Preview Assets.xcassets */,
			);
			path = "Preview Content";
			sourceTree = "<group>";
		};
		95D9C31028206D2600982FD2 /* goalz WatchKit AppTests */ = {
			isa = PBXGroup;
			children = (
				95D9C31128206D2600982FD2 /* goalz_WatchKit_AppTests.swift */,
			);
			path = "goalz WatchKit AppTests";
			sourceTree = "<group>";
		};
		95D9C31A28206D2600982FD2 /* goalz WatchKit AppUITests */ = {
			isa = PBXGroup;
			children = (
				95D9C31B28206D2600982FD2 /* goalz_WatchKit_AppUITests.swift */,
				95D9C31D28206D2600982FD2 /* goalz_WatchKit_AppUITestsLaunchTests.swift */,
			);
			path = "goalz WatchKit AppUITests";
			sourceTree = "<group>";
		};
		95D9C3482824F75300982FD2 /* Frameworks */ = {
			isa = PBXGroup;
			children = (
				95D9C3492824F75300982FD2 /* HealthKit.framework */,
				58618CCE2DF2BDC6A65B3EC6 /* Pods_goalz.framework */,
				4FCA7EAA6D777B4C1C53C626 /* Pods_goalz_WatchKit_App.framework */,
				06C06E2067FE40ED72C2CD8D /* Pods_goalz_WatchKit_App_goalz_WatchKit_AppUITests.framework */,
				57B31AA2A28EACBEE755A825 /* Pods_goalz_WatchKit_AppTests.framework */,
				FF8E658F41F51175879196AD /* Pods_goalz_WatchKit_Extension.framework */,
				A76D369445265FD63A9F453E /* Pods_goalz_goalzUITests.framework */,
				D17B2A33399F621DEB3C2555 /* Pods_goalzTests.framework */,
			);
			name = Frameworks;
			sourceTree = "<group>";
		};
/* End PBXGroup section */

/* Begin PBXNativeTarget section */
		95D9C2C328206D2200982FD2 /* goalz */ = {
			isa = PBXNativeTarget;
			buildConfigurationList = 95D9C32928206D2600982FD2 /* Build configuration list for PBXNativeTarget "goalz" */;
			buildPhases = (
				BE28B464477B6957E093528D /* [CP] Check Pods Manifest.lock */,
				95D9C2C028206D2200982FD2 /* Sources */,
				95D9C2C128206D2200982FD2 /* Frameworks */,
				95D9C2C228206D2200982FD2 /* Resources */,
				95D9C32828206D2600982FD2 /* Embed Watch Content */,
				F8F94A4D0592ED2F1A46F274 /* [CP] Embed Pods Frameworks */,
			);
			buildRules = (
			);
			dependencies = (
				95D9C2EB28206D2400982FD2 /* PBXTargetDependency */,
			);
			name = goalz;
			productName = goalz;
			productReference = 955B835E282C6B2E0058BBC9 /* goalz.app */;
			productType = "com.apple.product-type.application";
		};
		95D9C2D328206D2400982FD2 /* goalzTests */ = {
			isa = PBXNativeTarget;
			buildConfigurationList = 95D9C32C28206D2600982FD2 /* Build configuration list for PBXNativeTarget "goalzTests" */;
			buildPhases = (
				868C394D17596D6A3C74CF68 /* [CP] Check Pods Manifest.lock */,
				95D9C2D028206D2400982FD2 /* Sources */,
				95D9C2D128206D2400982FD2 /* Frameworks */,
				95D9C2D228206D2400982FD2 /* Resources */,
			);
			buildRules = (
			);
			dependencies = (
				95D9C2D628206D2400982FD2 /* PBXTargetDependency */,
			);
			name = goalzTests;
			productName = goalzTests;
			productReference = 95BD8785282C7E0300FEBA1B /* goalzTests.xctest */;
			productType = "com.apple.product-type.bundle.unit-test";
		};
		95D9C2DD28206D2400982FD2 /* goalzUITests */ = {
			isa = PBXNativeTarget;
			buildConfigurationList = 95D9C32F28206D2600982FD2 /* Build configuration list for PBXNativeTarget "goalzUITests" */;
			buildPhases = (
				D7B9C0B2AC9DD148B7A26EE4 /* [CP] Check Pods Manifest.lock */,
				95D9C2DA28206D2400982FD2 /* Sources */,
				95D9C2DB28206D2400982FD2 /* Frameworks */,
				95D9C2DC28206D2400982FD2 /* Resources */,
				35781BB5C30F6F018E18DC4F /* [CP] Embed Pods Frameworks */,
			);
			buildRules = (
			);
			dependencies = (
				95D9C2E028206D2400982FD2 /* PBXTargetDependency */,
			);
			name = goalzUITests;
			productName = goalzUITests;
			productReference = 95BD8786282C7E0300FEBA1B /* goalzUITests.xctest */;
			productType = "com.apple.product-type.bundle.ui-testing";
		};
		95D9C2E728206D2400982FD2 /* goalz WatchKit App */ = {
			isa = PBXNativeTarget;
			buildConfigurationList = 95D9C32528206D2600982FD2 /* Build configuration list for PBXNativeTarget "goalz WatchKit App" */;
			buildPhases = (
				5884E900534E8263D56A81C2 /* [CP] Check Pods Manifest.lock */,
				95D9C2E628206D2400982FD2 /* Resources */,
				95D9C32428206D2600982FD2 /* Embed App Extensions */,
				353BEEB5139D086C15690B32 /* Frameworks */,
			);
			buildRules = (
			);
			dependencies = (
				95D9C2F628206D2500982FD2 /* PBXTargetDependency */,
			);
			name = "goalz WatchKit App";
			productName = "goalz WatchKit App";
			productReference = 955B835F282C6B2E0058BBC9 /* goalz WatchKit App.app */;
			productType = "com.apple.product-type.application.watchapp2";
		};
		95D9C2F228206D2500982FD2 /* goalz WatchKit Extension */ = {
			isa = PBXNativeTarget;
			buildConfigurationList = 95D9C32128206D2600982FD2 /* Build configuration list for PBXNativeTarget "goalz WatchKit Extension" */;
			buildPhases = (
				5BACAB4CCB1DCEE2D107175B /* [CP] Check Pods Manifest.lock */,
				95D9C2EF28206D2500982FD2 /* Sources */,
				95D9C2F028206D2500982FD2 /* Frameworks */,
				95D9C2F128206D2500982FD2 /* Resources */,
			);
			buildRules = (
			);
			dependencies = (
			);
			name = "goalz WatchKit Extension";
			productName = "goalz WatchKit Extension";
			productReference = 955B8360282C6B2E0058BBC9 /* goalz WatchKit Extension.appex */;
			productType = "com.apple.product-type.watchkit2-extension";
		};
		95D9C30C28206D2600982FD2 /* goalz WatchKit AppTests */ = {
			isa = PBXNativeTarget;
			buildConfigurationList = 95D9C33228206D2600982FD2 /* Build configuration list for PBXNativeTarget "goalz WatchKit AppTests" */;
			buildPhases = (
				A52056B63917B70E8290179A /* [CP] Check Pods Manifest.lock */,
				95D9C30928206D2600982FD2 /* Sources */,
				95D9C30A28206D2600982FD2 /* Frameworks */,
				95D9C30B28206D2600982FD2 /* Resources */,
			);
			buildRules = (
			);
			dependencies = (
				95D9C30F28206D2600982FD2 /* PBXTargetDependency */,
			);
			name = "goalz WatchKit AppTests";
			productName = "goalz WatchKit AppTests";
			productReference = 95BD8787282C7E0300FEBA1B /* goalz WatchKit AppTests.xctest */;
			productType = "com.apple.product-type.bundle.unit-test";
		};
		95D9C31628206D2600982FD2 /* goalz WatchKit AppUITests */ = {
			isa = PBXNativeTarget;
			buildConfigurationList = 95D9C33528206D2600982FD2 /* Build configuration list for PBXNativeTarget "goalz WatchKit AppUITests" */;
			buildPhases = (
				E3E0997E72E036160AFB34CD /* [CP] Check Pods Manifest.lock */,
				95D9C31328206D2600982FD2 /* Sources */,
				95D9C31428206D2600982FD2 /* Frameworks */,
				95D9C31528206D2600982FD2 /* Resources */,
			);
			buildRules = (
			);
			dependencies = (
				95D9C31928206D2600982FD2 /* PBXTargetDependency */,
			);
			name = "goalz WatchKit AppUITests";
			productName = "goalz WatchKit AppUITests";
			productReference = 95BD8788282C7E0300FEBA1B /* goalz WatchKit AppUITests.xctest */;
			productType = "com.apple.product-type.bundle.ui-testing";
		};
/* End PBXNativeTarget section */

/* Begin PBXProject section */
		95D9C2BC28206D2200982FD2 /* Project object */ = {
			isa = PBXProject;
			attributes = {
				BuildIndependentTargetsInParallel = 1;
				LastSwiftUpdateCheck = 1330;
				LastUpgradeCheck = 1330;
				TargetAttributes = {
					95D9C2C328206D2200982FD2 = {
						CreatedOnToolsVersion = 13.3.1;
					};
					95D9C2D328206D2400982FD2 = {
						CreatedOnToolsVersion = 13.3.1;
						TestTargetID = 95D9C2C328206D2200982FD2;
					};
					95D9C2DD28206D2400982FD2 = {
						CreatedOnToolsVersion = 13.3.1;
						TestTargetID = 95D9C2C328206D2200982FD2;
					};
					95D9C2E728206D2400982FD2 = {
						CreatedOnToolsVersion = 13.3.1;
					};
					95D9C2F228206D2500982FD2 = {
						CreatedOnToolsVersion = 13.3.1;
					};
					95D9C30C28206D2600982FD2 = {
						CreatedOnToolsVersion = 13.3.1;
						TestTargetID = 95D9C2F228206D2500982FD2;
					};
					95D9C31628206D2600982FD2 = {
						CreatedOnToolsVersion = 13.3.1;
						TestTargetID = 95D9C2E728206D2400982FD2;
					};
				};
			};
			buildConfigurationList = 95D9C2BF28206D2200982FD2 /* Build configuration list for PBXProject "goalz" */;
			compatibilityVersion = "Xcode 13.0";
			developmentRegion = en;
			hasScannedForEncodings = 0;
			knownRegions = (
				en,
				Base,
			);
			mainGroup = 95D9C2BB28206D2200982FD2;
			packageReferences = (
				95BD8778282C7A3400FEBA1B /* XCRemoteSwiftPackageReference "firebase-ios-sdk" */,
			);
			productRefGroup = 95D9C2BB28206D2200982FD2;
			projectDirPath = "";
			projectRoot = "";
			targets = (
				95D9C2C328206D2200982FD2 /* goalz */,
				95D9C2D328206D2400982FD2 /* goalzTests */,
				95D9C2DD28206D2400982FD2 /* goalzUITests */,
				95D9C2E728206D2400982FD2 /* goalz WatchKit App */,
				95D9C2F228206D2500982FD2 /* goalz WatchKit Extension */,
				95D9C30C28206D2600982FD2 /* goalz WatchKit AppTests */,
				95D9C31628206D2600982FD2 /* goalz WatchKit AppUITests */,
			);
		};
/* End PBXProject section */

/* Begin PBXResourcesBuildPhase section */
		95D9C2C228206D2200982FD2 /* Resources */ = {
			isa = PBXResourcesBuildPhase;
			buildActionMask = 2147483647;
			files = (
				95D9C2CF28206D2400982FD2 /* Preview Assets.xcassets in Resources */,
				95D9C2CC28206D2400982FD2 /* Assets.xcassets in Resources */,
				95BD878A282C7FF600FEBA1B /* GoogleService-Info.plist in Resources */,
			);
			runOnlyForDeploymentPostprocessing = 0;
		};
		95D9C2D228206D2400982FD2 /* Resources */ = {
			isa = PBXResourcesBuildPhase;
			buildActionMask = 2147483647;
			files = (
				95BD878B282C7FF600FEBA1B /* GoogleService-Info.plist in Resources */,
			);
			runOnlyForDeploymentPostprocessing = 0;
		};
		95D9C2DC28206D2400982FD2 /* Resources */ = {
			isa = PBXResourcesBuildPhase;
			buildActionMask = 2147483647;
			files = (
				95BD878C282C7FF700FEBA1B /* GoogleService-Info.plist in Resources */,
			);
			runOnlyForDeploymentPostprocessing = 0;
		};
		95D9C2E628206D2400982FD2 /* Resources */ = {
			isa = PBXResourcesBuildPhase;
			buildActionMask = 2147483647;
			files = (
				95D9C2EE28206D2500982FD2 /* Assets.xcassets in Resources */,
				95BD878D282C7FF800FEBA1B /* GoogleService-Info.plist in Resources */,
			);
			runOnlyForDeploymentPostprocessing = 0;
		};
		95D9C2F128206D2500982FD2 /* Resources */ = {
			isa = PBXResourcesBuildPhase;
			buildActionMask = 2147483647;
			files = (
				95D9C30628206D2600982FD2 /* Preview Assets.xcassets in Resources */,
				95D9C30328206D2600982FD2 /* Assets.xcassets in Resources */,
				95BD878E282C7FF800FEBA1B /* GoogleService-Info.plist in Resources */,
			);
			runOnlyForDeploymentPostprocessing = 0;
		};
		95D9C30B28206D2600982FD2 /* Resources */ = {
			isa = PBXResourcesBuildPhase;
			buildActionMask = 2147483647;
			files = (
				95BD878F282C7FF900FEBA1B /* GoogleService-Info.plist in Resources */,
			);
			runOnlyForDeploymentPostprocessing = 0;
		};
		95D9C31528206D2600982FD2 /* Resources */ = {
			isa = PBXResourcesBuildPhase;
			buildActionMask = 2147483647;
			files = (
				95BD8790282C7FF900FEBA1B /* GoogleService-Info.plist in Resources */,
			);
			runOnlyForDeploymentPostprocessing = 0;
		};
/* End PBXResourcesBuildPhase section */

/* Begin PBXShellScriptBuildPhase section */
		35781BB5C30F6F018E18DC4F /* [CP] Embed Pods Frameworks */ = {
			isa = PBXShellScriptBuildPhase;
			buildActionMask = 2147483647;
			files = (
			);
			inputFileListPaths = (
				"${PODS_ROOT}/Target Support Files/Pods-goalz-goalzUITests/Pods-goalz-goalzUITests-frameworks-${CONFIGURATION}-input-files.xcfilelist",
			);
			name = "[CP] Embed Pods Frameworks";
			outputFileListPaths = (
				"${PODS_ROOT}/Target Support Files/Pods-goalz-goalzUITests/Pods-goalz-goalzUITests-frameworks-${CONFIGURATION}-output-files.xcfilelist",
			);
			runOnlyForDeploymentPostprocessing = 0;
			shellPath = /bin/sh;
			shellScript = "\"${PODS_ROOT}/Target Support Files/Pods-goalz-goalzUITests/Pods-goalz-goalzUITests-frameworks.sh\"\n";
			showEnvVarsInLog = 0;
		};
		5884E900534E8263D56A81C2 /* [CP] Check Pods Manifest.lock */ = {
			isa = PBXShellScriptBuildPhase;
			buildActionMask = 2147483647;
			files = (
			);
			inputFileListPaths = (
			);
			inputPaths = (
				"${PODS_PODFILE_DIR_PATH}/Podfile.lock",
				"${PODS_ROOT}/Manifest.lock",
			);
			name = "[CP] Check Pods Manifest.lock";
			outputFileListPaths = (
			);
			outputPaths = (
				"$(DERIVED_FILE_DIR)/Pods-goalz WatchKit App-checkManifestLockResult.txt",
			);
			runOnlyForDeploymentPostprocessing = 0;
			shellPath = /bin/sh;
			shellScript = "diff \"${PODS_PODFILE_DIR_PATH}/Podfile.lock\" \"${PODS_ROOT}/Manifest.lock\" > /dev/null\nif [ $? != 0 ] ; then\n    # print error to STDERR\n    echo \"error: The sandbox is not in sync with the Podfile.lock. Run 'pod install' or update your CocoaPods installation.\" >&2\n    exit 1\nfi\n# This output is used by Xcode 'outputs' to avoid re-running this script phase.\necho \"SUCCESS\" > \"${SCRIPT_OUTPUT_FILE_0}\"\n";
			showEnvVarsInLog = 0;
		};
		5BACAB4CCB1DCEE2D107175B /* [CP] Check Pods Manifest.lock */ = {
			isa = PBXShellScriptBuildPhase;
			buildActionMask = 2147483647;
			files = (
			);
			inputFileListPaths = (
			);
			inputPaths = (
				"${PODS_PODFILE_DIR_PATH}/Podfile.lock",
				"${PODS_ROOT}/Manifest.lock",
			);
			name = "[CP] Check Pods Manifest.lock";
			outputFileListPaths = (
			);
			outputPaths = (
				"$(DERIVED_FILE_DIR)/Pods-goalz WatchKit Extension-checkManifestLockResult.txt",
			);
			runOnlyForDeploymentPostprocessing = 0;
			shellPath = /bin/sh;
			shellScript = "diff \"${PODS_PODFILE_DIR_PATH}/Podfile.lock\" \"${PODS_ROOT}/Manifest.lock\" > /dev/null\nif [ $? != 0 ] ; then\n    # print error to STDERR\n    echo \"error: The sandbox is not in sync with the Podfile.lock. Run 'pod install' or update your CocoaPods installation.\" >&2\n    exit 1\nfi\n# This output is used by Xcode 'outputs' to avoid re-running this script phase.\necho \"SUCCESS\" > \"${SCRIPT_OUTPUT_FILE_0}\"\n";
			showEnvVarsInLog = 0;
		};
		868C394D17596D6A3C74CF68 /* [CP] Check Pods Manifest.lock */ = {
			isa = PBXShellScriptBuildPhase;
			buildActionMask = 2147483647;
			files = (
			);
			inputFileListPaths = (
			);
			inputPaths = (
				"${PODS_PODFILE_DIR_PATH}/Podfile.lock",
				"${PODS_ROOT}/Manifest.lock",
			);
			name = "[CP] Check Pods Manifest.lock";
			outputFileListPaths = (
			);
			outputPaths = (
				"$(DERIVED_FILE_DIR)/Pods-goalzTests-checkManifestLockResult.txt",
			);
			runOnlyForDeploymentPostprocessing = 0;
			shellPath = /bin/sh;
			shellScript = "diff \"${PODS_PODFILE_DIR_PATH}/Podfile.lock\" \"${PODS_ROOT}/Manifest.lock\" > /dev/null\nif [ $? != 0 ] ; then\n    # print error to STDERR\n    echo \"error: The sandbox is not in sync with the Podfile.lock. Run 'pod install' or update your CocoaPods installation.\" >&2\n    exit 1\nfi\n# This output is used by Xcode 'outputs' to avoid re-running this script phase.\necho \"SUCCESS\" > \"${SCRIPT_OUTPUT_FILE_0}\"\n";
			showEnvVarsInLog = 0;
		};
		A52056B63917B70E8290179A /* [CP] Check Pods Manifest.lock */ = {
			isa = PBXShellScriptBuildPhase;
			buildActionMask = 2147483647;
			files = (
			);
			inputFileListPaths = (
			);
			inputPaths = (
				"${PODS_PODFILE_DIR_PATH}/Podfile.lock",
				"${PODS_ROOT}/Manifest.lock",
			);
			name = "[CP] Check Pods Manifest.lock";
			outputFileListPaths = (
			);
			outputPaths = (
				"$(DERIVED_FILE_DIR)/Pods-goalz WatchKit AppTests-checkManifestLockResult.txt",
			);
			runOnlyForDeploymentPostprocessing = 0;
			shellPath = /bin/sh;
			shellScript = "diff \"${PODS_PODFILE_DIR_PATH}/Podfile.lock\" \"${PODS_ROOT}/Manifest.lock\" > /dev/null\nif [ $? != 0 ] ; then\n    # print error to STDERR\n    echo \"error: The sandbox is not in sync with the Podfile.lock. Run 'pod install' or update your CocoaPods installation.\" >&2\n    exit 1\nfi\n# This output is used by Xcode 'outputs' to avoid re-running this script phase.\necho \"SUCCESS\" > \"${SCRIPT_OUTPUT_FILE_0}\"\n";
			showEnvVarsInLog = 0;
		};
		BE28B464477B6957E093528D /* [CP] Check Pods Manifest.lock */ = {
			isa = PBXShellScriptBuildPhase;
			buildActionMask = 2147483647;
			files = (
			);
			inputFileListPaths = (
			);
			inputPaths = (
				"${PODS_PODFILE_DIR_PATH}/Podfile.lock",
				"${PODS_ROOT}/Manifest.lock",
			);
			name = "[CP] Check Pods Manifest.lock";
			outputFileListPaths = (
			);
			outputPaths = (
				"$(DERIVED_FILE_DIR)/Pods-goalz-checkManifestLockResult.txt",
			);
			runOnlyForDeploymentPostprocessing = 0;
			shellPath = /bin/sh;
			shellScript = "diff \"${PODS_PODFILE_DIR_PATH}/Podfile.lock\" \"${PODS_ROOT}/Manifest.lock\" > /dev/null\nif [ $? != 0 ] ; then\n    # print error to STDERR\n    echo \"error: The sandbox is not in sync with the Podfile.lock. Run 'pod install' or update your CocoaPods installation.\" >&2\n    exit 1\nfi\n# This output is used by Xcode 'outputs' to avoid re-running this script phase.\necho \"SUCCESS\" > \"${SCRIPT_OUTPUT_FILE_0}\"\n";
			showEnvVarsInLog = 0;
		};
		D7B9C0B2AC9DD148B7A26EE4 /* [CP] Check Pods Manifest.lock */ = {
			isa = PBXShellScriptBuildPhase;
			buildActionMask = 2147483647;
			files = (
			);
			inputFileListPaths = (
			);
			inputPaths = (
				"${PODS_PODFILE_DIR_PATH}/Podfile.lock",
				"${PODS_ROOT}/Manifest.lock",
			);
			name = "[CP] Check Pods Manifest.lock";
			outputFileListPaths = (
			);
			outputPaths = (
				"$(DERIVED_FILE_DIR)/Pods-goalz-goalzUITests-checkManifestLockResult.txt",
			);
			runOnlyForDeploymentPostprocessing = 0;
			shellPath = /bin/sh;
			shellScript = "diff \"${PODS_PODFILE_DIR_PATH}/Podfile.lock\" \"${PODS_ROOT}/Manifest.lock\" > /dev/null\nif [ $? != 0 ] ; then\n    # print error to STDERR\n    echo \"error: The sandbox is not in sync with the Podfile.lock. Run 'pod install' or update your CocoaPods installation.\" >&2\n    exit 1\nfi\n# This output is used by Xcode 'outputs' to avoid re-running this script phase.\necho \"SUCCESS\" > \"${SCRIPT_OUTPUT_FILE_0}\"\n";
			showEnvVarsInLog = 0;
		};
		E3E0997E72E036160AFB34CD /* [CP] Check Pods Manifest.lock */ = {
			isa = PBXShellScriptBuildPhase;
			buildActionMask = 2147483647;
			files = (
			);
			inputFileListPaths = (
			);
			inputPaths = (
				"${PODS_PODFILE_DIR_PATH}/Podfile.lock",
				"${PODS_ROOT}/Manifest.lock",
			);
			name = "[CP] Check Pods Manifest.lock";
			outputFileListPaths = (
			);
			outputPaths = (
				"$(DERIVED_FILE_DIR)/Pods-goalz WatchKit App-goalz WatchKit AppUITests-checkManifestLockResult.txt",
			);
			runOnlyForDeploymentPostprocessing = 0;
			shellPath = /bin/sh;
			shellScript = "diff \"${PODS_PODFILE_DIR_PATH}/Podfile.lock\" \"${PODS_ROOT}/Manifest.lock\" > /dev/null\nif [ $? != 0 ] ; then\n    # print error to STDERR\n    echo \"error: The sandbox is not in sync with the Podfile.lock. Run 'pod install' or update your CocoaPods installation.\" >&2\n    exit 1\nfi\n# This output is used by Xcode 'outputs' to avoid re-running this script phase.\necho \"SUCCESS\" > \"${SCRIPT_OUTPUT_FILE_0}\"\n";
			showEnvVarsInLog = 0;
		};
		F8F94A4D0592ED2F1A46F274 /* [CP] Embed Pods Frameworks */ = {
			isa = PBXShellScriptBuildPhase;
			buildActionMask = 2147483647;
			files = (
			);
			inputFileListPaths = (
				"${PODS_ROOT}/Target Support Files/Pods-goalz/Pods-goalz-frameworks-${CONFIGURATION}-input-files.xcfilelist",
			);
			name = "[CP] Embed Pods Frameworks";
			outputFileListPaths = (
				"${PODS_ROOT}/Target Support Files/Pods-goalz/Pods-goalz-frameworks-${CONFIGURATION}-output-files.xcfilelist",
			);
			runOnlyForDeploymentPostprocessing = 0;
			shellPath = /bin/sh;
			shellScript = "\"${PODS_ROOT}/Target Support Files/Pods-goalz/Pods-goalz-frameworks.sh\"\n";
			showEnvVarsInLog = 0;
		};
/* End PBXShellScriptBuildPhase section */

/* Begin PBXSourcesBuildPhase section */
		95D9C2C028206D2200982FD2 /* Sources */ = {
			isa = PBXSourcesBuildPhase;
			buildActionMask = 2147483647;
			files = (
				95D9C3562825AF6A00982FD2 /* RadioButtonField.swift in Sources */,
				95EC8828282B81AD0036AAD5 /* PersistenceController.swift in Sources */,
				95D9C3502824FE6B00982FD2 /* RingViewController.swift in Sources */,
				95D9C33D28206E5900982FD2 /* GoalView.swift in Sources */,
				95D9C34E2824FA1A00982FD2 /* WelcomeViewController.swift in Sources */,
				95D9C3542825089500982FD2 /* HealthDataTypeValue.swift in Sources */,
				95D9C34C2824F91500982FD2 /* HealthData.swift in Sources */,
				95D9C33B28206DD400982FD2 /* DailyAssessmentView.swift in Sources */,
				95D9C3462820815700982FD2 /* RingView.swift in Sources */,
				95D9C2CA28206D2200982FD2 /* ContentView.swift in Sources */,
				95EC882C282B85210036AAD5 /* PageControl.swift in Sources */,
				95D9C33928206D8D00982FD2 /* TabBarView.swift in Sources */,
				95BD8792282C8FFC00FEBA1B /* participants.swift in Sources */,
				95D9C3522825026800982FD2 /* HealthKitSupport.swift in Sources */,
				95EC882A282B84EA0036AAD5 /* Onboarding.swift in Sources */,
				95EC8826282B813E0036AAD5 /* Model.xcdatamodeld in Sources */,
				95D9C2C828206D2200982FD2 /* goalzApp.swift in Sources */,
			);
			runOnlyForDeploymentPostprocessing = 0;
		};
		95D9C2D028206D2400982FD2 /* Sources */ = {
			isa = PBXSourcesBuildPhase;
			buildActionMask = 2147483647;
			files = (
				95D9C2D928206D2400982FD2 /* goalzTests.swift in Sources */,
			);
			runOnlyForDeploymentPostprocessing = 0;
		};
		95D9C2DA28206D2400982FD2 /* Sources */ = {
			isa = PBXSourcesBuildPhase;
			buildActionMask = 2147483647;
			files = (
				95D9C2E528206D2400982FD2 /* goalzUITestsLaunchTests.swift in Sources */,
				95D9C2E328206D2400982FD2 /* goalzUITests.swift in Sources */,
			);
			runOnlyForDeploymentPostprocessing = 0;
		};
		95D9C2EF28206D2500982FD2 /* Sources */ = {
			isa = PBXSourcesBuildPhase;
			buildActionMask = 2147483647;
			files = (
				95D9C2FD28206D2500982FD2 /* NotificationController.swift in Sources */,
				95D9C2FB28206D2500982FD2 /* ContentView.swift in Sources */,
				95D9C30128206D2500982FD2 /* ComplicationController.swift in Sources */,
				95D9C2F928206D2500982FD2 /* goalzApp.swift in Sources */,
				95D9C2FF28206D2500982FD2 /* NotificationView.swift in Sources */,
			);
			runOnlyForDeploymentPostprocessing = 0;
		};
		95D9C30928206D2600982FD2 /* Sources */ = {
			isa = PBXSourcesBuildPhase;
			buildActionMask = 2147483647;
			files = (
				95D9C31228206D2600982FD2 /* goalz_WatchKit_AppTests.swift in Sources */,
			);
			runOnlyForDeploymentPostprocessing = 0;
		};
		95D9C31328206D2600982FD2 /* Sources */ = {
			isa = PBXSourcesBuildPhase;
			buildActionMask = 2147483647;
			files = (
				95D9C31C28206D2600982FD2 /* goalz_WatchKit_AppUITests.swift in Sources */,
				95D9C31E28206D2600982FD2 /* goalz_WatchKit_AppUITestsLaunchTests.swift in Sources */,
			);
			runOnlyForDeploymentPostprocessing = 0;
		};
/* End PBXSourcesBuildPhase section */

/* Begin PBXTargetDependency section */
		95D9C2D628206D2400982FD2 /* PBXTargetDependency */ = {
			isa = PBXTargetDependency;
			target = 95D9C2C328206D2200982FD2 /* goalz */;
			targetProxy = 95D9C2D528206D2400982FD2 /* PBXContainerItemProxy */;
		};
		95D9C2E028206D2400982FD2 /* PBXTargetDependency */ = {
			isa = PBXTargetDependency;
			target = 95D9C2C328206D2200982FD2 /* goalz */;
			targetProxy = 95D9C2DF28206D2400982FD2 /* PBXContainerItemProxy */;
		};
		95D9C2EB28206D2400982FD2 /* PBXTargetDependency */ = {
			isa = PBXTargetDependency;
			target = 95D9C2E728206D2400982FD2 /* goalz WatchKit App */;
			targetProxy = 95D9C2EA28206D2400982FD2 /* PBXContainerItemProxy */;
		};
		95D9C2F628206D2500982FD2 /* PBXTargetDependency */ = {
			isa = PBXTargetDependency;
			target = 95D9C2F228206D2500982FD2 /* goalz WatchKit Extension */;
			targetProxy = 95D9C2F528206D2500982FD2 /* PBXContainerItemProxy */;
		};
		95D9C30F28206D2600982FD2 /* PBXTargetDependency */ = {
			isa = PBXTargetDependency;
			target = 95D9C2F228206D2500982FD2 /* goalz WatchKit Extension */;
			targetProxy = 95D9C30E28206D2600982FD2 /* PBXContainerItemProxy */;
		};
		95D9C31928206D2600982FD2 /* PBXTargetDependency */ = {
			isa = PBXTargetDependency;
			target = 95D9C2E728206D2400982FD2 /* goalz WatchKit App */;
			targetProxy = 95D9C31828206D2600982FD2 /* PBXContainerItemProxy */;
		};
/* End PBXTargetDependency section */

/* Begin XCBuildConfiguration section */
		95D9C31F28206D2600982FD2 /* Debug */ = {
			isa = XCBuildConfiguration;
			buildSettings = {
				ALWAYS_SEARCH_USER_PATHS = NO;
				CLANG_ANALYZER_NONNULL = YES;
				CLANG_ANALYZER_NUMBER_OBJECT_CONVERSION = YES_AGGRESSIVE;
				CLANG_CXX_LANGUAGE_STANDARD = "gnu++17";
				CLANG_ENABLE_MODULES = YES;
				CLANG_ENABLE_OBJC_ARC = YES;
				CLANG_ENABLE_OBJC_WEAK = YES;
				CLANG_WARN_BLOCK_CAPTURE_AUTORELEASING = YES;
				CLANG_WARN_BOOL_CONVERSION = YES;
				CLANG_WARN_COMMA = YES;
				CLANG_WARN_CONSTANT_CONVERSION = YES;
				CLANG_WARN_DEPRECATED_OBJC_IMPLEMENTATIONS = YES;
				CLANG_WARN_DIRECT_OBJC_ISA_USAGE = YES_ERROR;
				CLANG_WARN_DOCUMENTATION_COMMENTS = YES;
				CLANG_WARN_EMPTY_BODY = YES;
				CLANG_WARN_ENUM_CONVERSION = YES;
				CLANG_WARN_INFINITE_RECURSION = YES;
				CLANG_WARN_INT_CONVERSION = YES;
				CLANG_WARN_NON_LITERAL_NULL_CONVERSION = YES;
				CLANG_WARN_OBJC_IMPLICIT_RETAIN_SELF = YES;
				CLANG_WARN_OBJC_LITERAL_CONVERSION = YES;
				CLANG_WARN_OBJC_ROOT_CLASS = YES_ERROR;
				CLANG_WARN_QUOTED_INCLUDE_IN_FRAMEWORK_HEADER = YES;
				CLANG_WARN_RANGE_LOOP_ANALYSIS = YES;
				CLANG_WARN_STRICT_PROTOTYPES = YES;
				CLANG_WARN_SUSPICIOUS_MOVE = YES;
				CLANG_WARN_UNGUARDED_AVAILABILITY = YES_AGGRESSIVE;
				CLANG_WARN_UNREACHABLE_CODE = YES;
				CLANG_WARN__DUPLICATE_METHOD_MATCH = YES;
				COPY_PHASE_STRIP = NO;
				DEBUG_INFORMATION_FORMAT = dwarf;
				ENABLE_STRICT_OBJC_MSGSEND = YES;
				ENABLE_TESTABILITY = YES;
				GCC_C_LANGUAGE_STANDARD = gnu11;
				GCC_DYNAMIC_NO_PIC = NO;
				GCC_NO_COMMON_BLOCKS = YES;
				GCC_OPTIMIZATION_LEVEL = 0;
				GCC_PREPROCESSOR_DEFINITIONS = (
					"DEBUG=1",
					"$(inherited)",
				);
				GCC_WARN_64_TO_32_BIT_CONVERSION = YES;
				GCC_WARN_ABOUT_RETURN_TYPE = YES_ERROR;
				GCC_WARN_UNDECLARED_SELECTOR = YES;
				GCC_WARN_UNINITIALIZED_AUTOS = YES_AGGRESSIVE;
				GCC_WARN_UNUSED_FUNCTION = YES;
				GCC_WARN_UNUSED_VARIABLE = YES;
				MTL_ENABLE_DEBUG_INFO = INCLUDE_SOURCE;
				MTL_FAST_MATH = YES;
				ONLY_ACTIVE_ARCH = YES;
				SWIFT_ACTIVE_COMPILATION_CONDITIONS = DEBUG;
				SWIFT_OPTIMIZATION_LEVEL = "-Onone";
			};
			name = Debug;
		};
		95D9C32028206D2600982FD2 /* Release */ = {
			isa = XCBuildConfiguration;
			buildSettings = {
				ALWAYS_SEARCH_USER_PATHS = NO;
				CLANG_ANALYZER_NONNULL = YES;
				CLANG_ANALYZER_NUMBER_OBJECT_CONVERSION = YES_AGGRESSIVE;
				CLANG_CXX_LANGUAGE_STANDARD = "gnu++17";
				CLANG_ENABLE_MODULES = YES;
				CLANG_ENABLE_OBJC_ARC = YES;
				CLANG_ENABLE_OBJC_WEAK = YES;
				CLANG_WARN_BLOCK_CAPTURE_AUTORELEASING = YES;
				CLANG_WARN_BOOL_CONVERSION = YES;
				CLANG_WARN_COMMA = YES;
				CLANG_WARN_CONSTANT_CONVERSION = YES;
				CLANG_WARN_DEPRECATED_OBJC_IMPLEMENTATIONS = YES;
				CLANG_WARN_DIRECT_OBJC_ISA_USAGE = YES_ERROR;
				CLANG_WARN_DOCUMENTATION_COMMENTS = YES;
				CLANG_WARN_EMPTY_BODY = YES;
				CLANG_WARN_ENUM_CONVERSION = YES;
				CLANG_WARN_INFINITE_RECURSION = YES;
				CLANG_WARN_INT_CONVERSION = YES;
				CLANG_WARN_NON_LITERAL_NULL_CONVERSION = YES;
				CLANG_WARN_OBJC_IMPLICIT_RETAIN_SELF = YES;
				CLANG_WARN_OBJC_LITERAL_CONVERSION = YES;
				CLANG_WARN_OBJC_ROOT_CLASS = YES_ERROR;
				CLANG_WARN_QUOTED_INCLUDE_IN_FRAMEWORK_HEADER = YES;
				CLANG_WARN_RANGE_LOOP_ANALYSIS = YES;
				CLANG_WARN_STRICT_PROTOTYPES = YES;
				CLANG_WARN_SUSPICIOUS_MOVE = YES;
				CLANG_WARN_UNGUARDED_AVAILABILITY = YES_AGGRESSIVE;
				CLANG_WARN_UNREACHABLE_CODE = YES;
				CLANG_WARN__DUPLICATE_METHOD_MATCH = YES;
				COPY_PHASE_STRIP = NO;
				DEBUG_INFORMATION_FORMAT = "dwarf-with-dsym";
				ENABLE_NS_ASSERTIONS = NO;
				ENABLE_STRICT_OBJC_MSGSEND = YES;
				GCC_C_LANGUAGE_STANDARD = gnu11;
				GCC_NO_COMMON_BLOCKS = YES;
				GCC_WARN_64_TO_32_BIT_CONVERSION = YES;
				GCC_WARN_ABOUT_RETURN_TYPE = YES_ERROR;
				GCC_WARN_UNDECLARED_SELECTOR = YES;
				GCC_WARN_UNINITIALIZED_AUTOS = YES_AGGRESSIVE;
				GCC_WARN_UNUSED_FUNCTION = YES;
				GCC_WARN_UNUSED_VARIABLE = YES;
				MTL_ENABLE_DEBUG_INFO = NO;
				MTL_FAST_MATH = YES;
				SWIFT_COMPILATION_MODE = wholemodule;
				SWIFT_OPTIMIZATION_LEVEL = "-O";
			};
			name = Release;
		};
		95D9C32228206D2600982FD2 /* Debug */ = {
			isa = XCBuildConfiguration;
			baseConfigurationReference = 0FD4C890F1155E3DCFE8A347 /* Pods-goalz WatchKit Extension.debug.xcconfig */;
			buildSettings = {
				ASSETCATALOG_COMPILER_COMPLICATION_NAME = Complication;
				CODE_SIGN_STYLE = Automatic;
				CURRENT_PROJECT_VERSION = 1;
				DEVELOPMENT_ASSET_PATHS = "\"goalz WatchKit Extension/Preview Content\"";
				DEVELOPMENT_TEAM = J69VMXBK6A;
				ENABLE_PREVIEWS = YES;
				GENERATE_INFOPLIST_FILE = YES;
				INFOPLIST_FILE = "goalz WatchKit Extension/Info.plist";
				INFOPLIST_KEY_CFBundleDisplayName = "goalz WatchKit Extension";
				INFOPLIST_KEY_CLKComplicationPrincipalClass = "$(PRODUCT_MODULE_NAME).ComplicationController";
				INFOPLIST_KEY_NSHumanReadableCopyright = "";
				INFOPLIST_KEY_WKRunsIndependentlyOfCompanionApp = YES;
				LD_RUNPATH_SEARCH_PATHS = (
					"$(inherited)",
					"@executable_path/Frameworks",
					"@executable_path/../../Frameworks",
				);
				MARKETING_VERSION = 1.0;
				PRODUCT_BUNDLE_IDENTIFIER = com.tlallas.goalz.watchkitapp.watchkitextension;
				PRODUCT_NAME = "${TARGET_NAME}";
				SDKROOT = watchos;
				SKIP_INSTALL = YES;
				SWIFT_EMIT_LOC_STRINGS = YES;
				SWIFT_VERSION = 5.0;
				TARGETED_DEVICE_FAMILY = 4;
				WATCHOS_DEPLOYMENT_TARGET = 8.5;
			};
			name = Debug;
		};
		95D9C32328206D2600982FD2 /* Release */ = {
			isa = XCBuildConfiguration;
			baseConfigurationReference = CACF411EFF92E94CF95DF551 /* Pods-goalz WatchKit Extension.release.xcconfig */;
			buildSettings = {
				ASSETCATALOG_COMPILER_COMPLICATION_NAME = Complication;
				CODE_SIGN_STYLE = Automatic;
				CURRENT_PROJECT_VERSION = 1;
				DEVELOPMENT_ASSET_PATHS = "\"goalz WatchKit Extension/Preview Content\"";
				DEVELOPMENT_TEAM = J69VMXBK6A;
				ENABLE_PREVIEWS = YES;
				GENERATE_INFOPLIST_FILE = YES;
				INFOPLIST_FILE = "goalz WatchKit Extension/Info.plist";
				INFOPLIST_KEY_CFBundleDisplayName = "goalz WatchKit Extension";
				INFOPLIST_KEY_CLKComplicationPrincipalClass = "$(PRODUCT_MODULE_NAME).ComplicationController";
				INFOPLIST_KEY_NSHumanReadableCopyright = "";
				INFOPLIST_KEY_WKRunsIndependentlyOfCompanionApp = YES;
				LD_RUNPATH_SEARCH_PATHS = (
					"$(inherited)",
					"@executable_path/Frameworks",
					"@executable_path/../../Frameworks",
				);
				MARKETING_VERSION = 1.0;
				PRODUCT_BUNDLE_IDENTIFIER = com.tlallas.goalz.watchkitapp.watchkitextension;
				PRODUCT_NAME = "${TARGET_NAME}";
				SDKROOT = watchos;
				SKIP_INSTALL = YES;
				SWIFT_EMIT_LOC_STRINGS = YES;
				SWIFT_VERSION = 5.0;
				TARGETED_DEVICE_FAMILY = 4;
				VALIDATE_PRODUCT = YES;
				WATCHOS_DEPLOYMENT_TARGET = 8.5;
			};
			name = Release;
		};
		95D9C32628206D2600982FD2 /* Debug */ = {
			isa = XCBuildConfiguration;
			baseConfigurationReference = 86DBFE4D69384E33C9962360 /* Pods-goalz WatchKit App.debug.xcconfig */;
			buildSettings = {
				ALWAYS_EMBED_SWIFT_STANDARD_LIBRARIES = YES;
				ASSETCATALOG_COMPILER_APPICON_NAME = AppIcon;
				ASSETCATALOG_COMPILER_GLOBAL_ACCENT_COLOR_NAME = AccentColor;
				CODE_SIGN_STYLE = Automatic;
				CURRENT_PROJECT_VERSION = 1;
				DEVELOPMENT_TEAM = J69VMXBK6A;
				GENERATE_INFOPLIST_FILE = YES;
				IBSC_MODULE = goalz_WatchKit_Extension;
				INFOPLIST_KEY_CFBundleDisplayName = "goalz WatchKit App";
				INFOPLIST_KEY_UISupportedInterfaceOrientations = "UIInterfaceOrientationPortrait UIInterfaceOrientationPortraitUpsideDown";
				INFOPLIST_KEY_WKCompanionAppBundleIdentifier = com.tlallas.goalz;
				MARKETING_VERSION = 1.0;
				PRODUCT_BUNDLE_IDENTIFIER = com.tlallas.goalz.watchkitapp;
				PRODUCT_NAME = "$(TARGET_NAME)";
				SDKROOT = watchos;
				SKIP_INSTALL = YES;
				SWIFT_EMIT_LOC_STRINGS = YES;
				SWIFT_VERSION = 5.0;
				TARGETED_DEVICE_FAMILY = 4;
				WATCHOS_DEPLOYMENT_TARGET = 8.5;
			};
			name = Debug;
		};
		95D9C32728206D2600982FD2 /* Release */ = {
			isa = XCBuildConfiguration;
			baseConfigurationReference = 9A1A7BD506B593275969D749 /* Pods-goalz WatchKit App.release.xcconfig */;
			buildSettings = {
				ALWAYS_EMBED_SWIFT_STANDARD_LIBRARIES = YES;
				ASSETCATALOG_COMPILER_APPICON_NAME = AppIcon;
				ASSETCATALOG_COMPILER_GLOBAL_ACCENT_COLOR_NAME = AccentColor;
				CODE_SIGN_STYLE = Automatic;
				CURRENT_PROJECT_VERSION = 1;
				DEVELOPMENT_TEAM = J69VMXBK6A;
				GENERATE_INFOPLIST_FILE = YES;
				IBSC_MODULE = goalz_WatchKit_Extension;
				INFOPLIST_KEY_CFBundleDisplayName = "goalz WatchKit App";
				INFOPLIST_KEY_UISupportedInterfaceOrientations = "UIInterfaceOrientationPortrait UIInterfaceOrientationPortraitUpsideDown";
				INFOPLIST_KEY_WKCompanionAppBundleIdentifier = com.tlallas.goalz;
				MARKETING_VERSION = 1.0;
				PRODUCT_BUNDLE_IDENTIFIER = com.tlallas.goalz.watchkitapp;
				PRODUCT_NAME = "$(TARGET_NAME)";
				SDKROOT = watchos;
				SKIP_INSTALL = YES;
				SWIFT_EMIT_LOC_STRINGS = YES;
				SWIFT_VERSION = 5.0;
				TARGETED_DEVICE_FAMILY = 4;
				VALIDATE_PRODUCT = YES;
				WATCHOS_DEPLOYMENT_TARGET = 8.5;
			};
			name = Release;
		};
		95D9C32A28206D2600982FD2 /* Debug */ = {
			isa = XCBuildConfiguration;
			baseConfigurationReference = 19B19053152F44B596724D66 /* Pods-goalz.debug.xcconfig */;
			buildSettings = {
				ASSETCATALOG_COMPILER_APPICON_NAME = AppIcon;
				ASSETCATALOG_COMPILER_GLOBAL_ACCENT_COLOR_NAME = AccentColor;
				CODE_SIGN_ENTITLEMENTS = goalz/goalz.entitlements;
				CODE_SIGN_STYLE = Automatic;
				CURRENT_PROJECT_VERSION = 1;
				DEVELOPMENT_ASSET_PATHS = "\"goalz/Preview Content\"";
				DEVELOPMENT_TEAM = J69VMXBK6A;
				ENABLE_PREVIEWS = YES;
				GENERATE_INFOPLIST_FILE = YES;
				INFOPLIST_KEY_NSHealthShareUsageDescription = "Allow GoalGetter to read workout information.";
				INFOPLIST_KEY_NSHealthUpdateUsageDescription = "Allow GoalGetter to write workouts and other data it generates.";
				INFOPLIST_KEY_UIApplicationSceneManifest_Generation = YES;
				INFOPLIST_KEY_UIApplicationSupportsIndirectInputEvents = YES;
				INFOPLIST_KEY_UILaunchScreen_Generation = YES;
				INFOPLIST_KEY_UISupportedInterfaceOrientations_iPad = "UIInterfaceOrientationPortrait UIInterfaceOrientationPortraitUpsideDown UIInterfaceOrientationLandscapeLeft UIInterfaceOrientationLandscapeRight";
				INFOPLIST_KEY_UISupportedInterfaceOrientations_iPhone = "UIInterfaceOrientationPortrait UIInterfaceOrientationLandscapeLeft UIInterfaceOrientationLandscapeRight";
				IPHONEOS_DEPLOYMENT_TARGET = 15.4;
				LD_RUNPATH_SEARCH_PATHS = (
					"$(inherited)",
					"@executable_path/Frameworks",
				);
				MARKETING_VERSION = 1.0;
				PRODUCT_BUNDLE_IDENTIFIER = com.tlallas.goalz;
				PRODUCT_NAME = "$(TARGET_NAME)";
				SDKROOT = iphoneos;
				SWIFT_EMIT_LOC_STRINGS = YES;
				SWIFT_VERSION = 5.0;
				TARGETED_DEVICE_FAMILY = "1,2";
			};
			name = Debug;
		};
		95D9C32B28206D2600982FD2 /* Release */ = {
			isa = XCBuildConfiguration;
			baseConfigurationReference = A43E159D6DF1C70D1118228C /* Pods-goalz.release.xcconfig */;
			buildSettings = {
				ASSETCATALOG_COMPILER_APPICON_NAME = AppIcon;
				ASSETCATALOG_COMPILER_GLOBAL_ACCENT_COLOR_NAME = AccentColor;
				CODE_SIGN_ENTITLEMENTS = goalz/goalz.entitlements;
				CODE_SIGN_STYLE = Automatic;
				CURRENT_PROJECT_VERSION = 1;
				DEVELOPMENT_ASSET_PATHS = "\"goalz/Preview Content\"";
				DEVELOPMENT_TEAM = J69VMXBK6A;
				ENABLE_PREVIEWS = YES;
				GENERATE_INFOPLIST_FILE = YES;
				INFOPLIST_KEY_NSHealthShareUsageDescription = "Allow GoalGetter to read workout information.";
				INFOPLIST_KEY_NSHealthUpdateUsageDescription = "Allow GoalGetter to write workouts and other data it generates.";
				INFOPLIST_KEY_UIApplicationSceneManifest_Generation = YES;
				INFOPLIST_KEY_UIApplicationSupportsIndirectInputEvents = YES;
				INFOPLIST_KEY_UILaunchScreen_Generation = YES;
				INFOPLIST_KEY_UISupportedInterfaceOrientations_iPad = "UIInterfaceOrientationPortrait UIInterfaceOrientationPortraitUpsideDown UIInterfaceOrientationLandscapeLeft UIInterfaceOrientationLandscapeRight";
				INFOPLIST_KEY_UISupportedInterfaceOrientations_iPhone = "UIInterfaceOrientationPortrait UIInterfaceOrientationLandscapeLeft UIInterfaceOrientationLandscapeRight";
				IPHONEOS_DEPLOYMENT_TARGET = 15.4;
				LD_RUNPATH_SEARCH_PATHS = (
					"$(inherited)",
					"@executable_path/Frameworks",
				);
				MARKETING_VERSION = 1.0;
				PRODUCT_BUNDLE_IDENTIFIER = com.tlallas.goalz;
				PRODUCT_NAME = "$(TARGET_NAME)";
				SDKROOT = iphoneos;
				SWIFT_EMIT_LOC_STRINGS = YES;
				SWIFT_VERSION = 5.0;
				TARGETED_DEVICE_FAMILY = "1,2";
				VALIDATE_PRODUCT = YES;
			};
			name = Release;
		};
		95D9C32D28206D2600982FD2 /* Debug */ = {
			isa = XCBuildConfiguration;
			baseConfigurationReference = E597DB55521758E664CB7982 /* Pods-goalzTests.debug.xcconfig */;
			buildSettings = {
				ALWAYS_EMBED_SWIFT_STANDARD_LIBRARIES = YES;
				BUNDLE_LOADER = "$(TEST_HOST)";
				CODE_SIGN_STYLE = Automatic;
				CURRENT_PROJECT_VERSION = 1;
				DEVELOPMENT_TEAM = J69VMXBK6A;
				GENERATE_INFOPLIST_FILE = YES;
				IPHONEOS_DEPLOYMENT_TARGET = 15.4;
				MARKETING_VERSION = 1.0;
				PRODUCT_BUNDLE_IDENTIFIER = com.tlallas.goalzTests;
				PRODUCT_NAME = "$(TARGET_NAME)";
				SDKROOT = iphoneos;
				SWIFT_EMIT_LOC_STRINGS = NO;
				SWIFT_VERSION = 5.0;
				TARGETED_DEVICE_FAMILY = "1,2";
				TEST_HOST = "$(BUILT_PRODUCTS_DIR)/goalz.app/goalz";
			};
			name = Debug;
		};
		95D9C32E28206D2600982FD2 /* Release */ = {
			isa = XCBuildConfiguration;
			baseConfigurationReference = 8C22D9ACD8A661BA27291E4E /* Pods-goalzTests.release.xcconfig */;
			buildSettings = {
				ALWAYS_EMBED_SWIFT_STANDARD_LIBRARIES = YES;
				BUNDLE_LOADER = "$(TEST_HOST)";
				CODE_SIGN_STYLE = Automatic;
				CURRENT_PROJECT_VERSION = 1;
				DEVELOPMENT_TEAM = J69VMXBK6A;
				GENERATE_INFOPLIST_FILE = YES;
				IPHONEOS_DEPLOYMENT_TARGET = 15.4;
				MARKETING_VERSION = 1.0;
				PRODUCT_BUNDLE_IDENTIFIER = com.tlallas.goalzTests;
				PRODUCT_NAME = "$(TARGET_NAME)";
				SDKROOT = iphoneos;
				SWIFT_EMIT_LOC_STRINGS = NO;
				SWIFT_VERSION = 5.0;
				TARGETED_DEVICE_FAMILY = "1,2";
				TEST_HOST = "$(BUILT_PRODUCTS_DIR)/goalz.app/goalz";
				VALIDATE_PRODUCT = YES;
			};
			name = Release;
		};
		95D9C33028206D2600982FD2 /* Debug */ = {
			isa = XCBuildConfiguration;
			baseConfigurationReference = DB10FEF81F3DF8B8D9D854C5 /* Pods-goalz-goalzUITests.debug.xcconfig */;
			buildSettings = {
				ALWAYS_EMBED_SWIFT_STANDARD_LIBRARIES = YES;
				CODE_SIGN_STYLE = Automatic;
				CURRENT_PROJECT_VERSION = 1;
				DEVELOPMENT_TEAM = J69VMXBK6A;
				GENERATE_INFOPLIST_FILE = YES;
				IPHONEOS_DEPLOYMENT_TARGET = 15.4;
				MARKETING_VERSION = 1.0;
				PRODUCT_BUNDLE_IDENTIFIER = com.tlallas.goalzUITests;
				PRODUCT_NAME = "$(TARGET_NAME)";
				SDKROOT = iphoneos;
				SWIFT_EMIT_LOC_STRINGS = NO;
				SWIFT_VERSION = 5.0;
				TARGETED_DEVICE_FAMILY = "1,2";
				TEST_TARGET_NAME = goalz;
			};
			name = Debug;
		};
		95D9C33128206D2600982FD2 /* Release */ = {
			isa = XCBuildConfiguration;
			baseConfigurationReference = 04E270365821C8C7C0C51C9D /* Pods-goalz-goalzUITests.release.xcconfig */;
			buildSettings = {
				ALWAYS_EMBED_SWIFT_STANDARD_LIBRARIES = YES;
				CODE_SIGN_STYLE = Automatic;
				CURRENT_PROJECT_VERSION = 1;
				DEVELOPMENT_TEAM = J69VMXBK6A;
				GENERATE_INFOPLIST_FILE = YES;
				IPHONEOS_DEPLOYMENT_TARGET = 15.4;
				MARKETING_VERSION = 1.0;
				PRODUCT_BUNDLE_IDENTIFIER = com.tlallas.goalzUITests;
				PRODUCT_NAME = "$(TARGET_NAME)";
				SDKROOT = iphoneos;
				SWIFT_EMIT_LOC_STRINGS = NO;
				SWIFT_VERSION = 5.0;
				TARGETED_DEVICE_FAMILY = "1,2";
				TEST_TARGET_NAME = goalz;
				VALIDATE_PRODUCT = YES;
			};
			name = Release;
		};
		95D9C33328206D2600982FD2 /* Debug */ = {
			isa = XCBuildConfiguration;
			baseConfigurationReference = 9D98996894F8BD1B2FC73352 /* Pods-goalz WatchKit AppTests.debug.xcconfig */;
			buildSettings = {
				ALWAYS_EMBED_SWIFT_STANDARD_LIBRARIES = YES;
				BUNDLE_LOADER = "$(TEST_HOST)";
				CODE_SIGN_STYLE = Automatic;
				CURRENT_PROJECT_VERSION = 1;
				DEVELOPMENT_TEAM = J69VMXBK6A;
				GENERATE_INFOPLIST_FILE = YES;
				MARKETING_VERSION = 1.0;
				PRODUCT_BUNDLE_IDENTIFIER = "com.tlallas.goalz-WatchKit-AppTests";
				PRODUCT_NAME = "$(TARGET_NAME)";
				SDKROOT = watchos;
				SWIFT_EMIT_LOC_STRINGS = NO;
				SWIFT_VERSION = 5.0;
				TARGETED_DEVICE_FAMILY = 4;
				TEST_HOST = "$(BUILT_PRODUCTS_DIR)/goalz WatchKit Extension.appex/goalz WatchKit Extension";
				WATCHOS_DEPLOYMENT_TARGET = 8.5;
			};
			name = Debug;
		};
		95D9C33428206D2600982FD2 /* Release */ = {
			isa = XCBuildConfiguration;
			baseConfigurationReference = 114CB14B6F20B8DC2464278A /* Pods-goalz WatchKit AppTests.release.xcconfig */;
			buildSettings = {
				ALWAYS_EMBED_SWIFT_STANDARD_LIBRARIES = YES;
				BUNDLE_LOADER = "$(TEST_HOST)";
				CODE_SIGN_STYLE = Automatic;
				CURRENT_PROJECT_VERSION = 1;
				DEVELOPMENT_TEAM = J69VMXBK6A;
				GENERATE_INFOPLIST_FILE = YES;
				MARKETING_VERSION = 1.0;
				PRODUCT_BUNDLE_IDENTIFIER = "com.tlallas.goalz-WatchKit-AppTests";
				PRODUCT_NAME = "$(TARGET_NAME)";
				SDKROOT = watchos;
				SWIFT_EMIT_LOC_STRINGS = NO;
				SWIFT_VERSION = 5.0;
				TARGETED_DEVICE_FAMILY = 4;
				TEST_HOST = "$(BUILT_PRODUCTS_DIR)/goalz WatchKit Extension.appex/goalz WatchKit Extension";
				VALIDATE_PRODUCT = YES;
				WATCHOS_DEPLOYMENT_TARGET = 8.5;
			};
			name = Release;
		};
		95D9C33628206D2600982FD2 /* Debug */ = {
			isa = XCBuildConfiguration;
			baseConfigurationReference = 9CEC3279CBC98BF6C56A454D /* Pods-goalz WatchKit App-goalz WatchKit AppUITests.debug.xcconfig */;
			buildSettings = {
				CODE_SIGN_STYLE = Automatic;
				CURRENT_PROJECT_VERSION = 1;
				DEVELOPMENT_TEAM = J69VMXBK6A;
				GENERATE_INFOPLIST_FILE = YES;
				MARKETING_VERSION = 1.0;
				PRODUCT_BUNDLE_IDENTIFIER = "com.tlallas.goalz-WatchKit-AppUITests";
				PRODUCT_NAME = "$(TARGET_NAME)";
				SDKROOT = watchos;
				SWIFT_EMIT_LOC_STRINGS = NO;
				SWIFT_VERSION = 5.0;
				TARGETED_DEVICE_FAMILY = 4;
				TEST_TARGET_NAME = "goalz WatchKit App";
				WATCHOS_DEPLOYMENT_TARGET = 8.5;
			};
			name = Debug;
		};
		95D9C33728206D2600982FD2 /* Release */ = {
			isa = XCBuildConfiguration;
			baseConfigurationReference = 17F456A3C12DEE7462AD4DEC /* Pods-goalz WatchKit App-goalz WatchKit AppUITests.release.xcconfig */;
			buildSettings = {
				CODE_SIGN_STYLE = Automatic;
				CURRENT_PROJECT_VERSION = 1;
				DEVELOPMENT_TEAM = J69VMXBK6A;
				GENERATE_INFOPLIST_FILE = YES;
				MARKETING_VERSION = 1.0;
				PRODUCT_BUNDLE_IDENTIFIER = "com.tlallas.goalz-WatchKit-AppUITests";
				PRODUCT_NAME = "$(TARGET_NAME)";
				SDKROOT = watchos;
				SWIFT_EMIT_LOC_STRINGS = NO;
				SWIFT_VERSION = 5.0;
				TARGETED_DEVICE_FAMILY = 4;
				TEST_TARGET_NAME = "goalz WatchKit App";
				VALIDATE_PRODUCT = YES;
				WATCHOS_DEPLOYMENT_TARGET = 8.5;
			};
			name = Release;
		};
/* End XCBuildConfiguration section */

/* Begin XCConfigurationList section */
		95D9C2BF28206D2200982FD2 /* Build configuration list for PBXProject "goalz" */ = {
			isa = XCConfigurationList;
			buildConfigurations = (
				95D9C31F28206D2600982FD2 /* Debug */,
				95D9C32028206D2600982FD2 /* Release */,
			);
			defaultConfigurationIsVisible = 0;
			defaultConfigurationName = Release;
		};
		95D9C32128206D2600982FD2 /* Build configuration list for PBXNativeTarget "goalz WatchKit Extension" */ = {
			isa = XCConfigurationList;
			buildConfigurations = (
				95D9C32228206D2600982FD2 /* Debug */,
				95D9C32328206D2600982FD2 /* Release */,
			);
			defaultConfigurationIsVisible = 0;
			defaultConfigurationName = Release;
		};
		95D9C32528206D2600982FD2 /* Build configuration list for PBXNativeTarget "goalz WatchKit App" */ = {
			isa = XCConfigurationList;
			buildConfigurations = (
				95D9C32628206D2600982FD2 /* Debug */,
				95D9C32728206D2600982FD2 /* Release */,
			);
			defaultConfigurationIsVisible = 0;
			defaultConfigurationName = Release;
		};
		95D9C32928206D2600982FD2 /* Build configuration list for PBXNativeTarget "goalz" */ = {
			isa = XCConfigurationList;
			buildConfigurations = (
				95D9C32A28206D2600982FD2 /* Debug */,
				95D9C32B28206D2600982FD2 /* Release */,
			);
			defaultConfigurationIsVisible = 0;
			defaultConfigurationName = Release;
		};
		95D9C32C28206D2600982FD2 /* Build configuration list for PBXNativeTarget "goalzTests" */ = {
			isa = XCConfigurationList;
			buildConfigurations = (
				95D9C32D28206D2600982FD2 /* Debug */,
				95D9C32E28206D2600982FD2 /* Release */,
			);
			defaultConfigurationIsVisible = 0;
			defaultConfigurationName = Release;
		};
		95D9C32F28206D2600982FD2 /* Build configuration list for PBXNativeTarget "goalzUITests" */ = {
			isa = XCConfigurationList;
			buildConfigurations = (
				95D9C33028206D2600982FD2 /* Debug */,
				95D9C33128206D2600982FD2 /* Release */,
			);
			defaultConfigurationIsVisible = 0;
			defaultConfigurationName = Release;
		};
		95D9C33228206D2600982FD2 /* Build configuration list for PBXNativeTarget "goalz WatchKit AppTests" */ = {
			isa = XCConfigurationList;
			buildConfigurations = (
				95D9C33328206D2600982FD2 /* Debug */,
				95D9C33428206D2600982FD2 /* Release */,
			);
			defaultConfigurationIsVisible = 0;
			defaultConfigurationName = Release;
		};
		95D9C33528206D2600982FD2 /* Build configuration list for PBXNativeTarget "goalz WatchKit AppUITests" */ = {
			isa = XCConfigurationList;
			buildConfigurations = (
				95D9C33628206D2600982FD2 /* Debug */,
				95D9C33728206D2600982FD2 /* Release */,
			);
			defaultConfigurationIsVisible = 0;
			defaultConfigurationName = Release;
		};
/* End XCConfigurationList section */

/* Begin XCRemoteSwiftPackageReference section */
		95BD8778282C7A3400FEBA1B /* XCRemoteSwiftPackageReference "firebase-ios-sdk" */ = {
			isa = XCRemoteSwiftPackageReference;
			repositoryURL = "https://github.com/firebase/firebase-ios-sdk";
			requirement = {
				branch = master;
				kind = branch;
			};
		};
/* End XCRemoteSwiftPackageReference section */

/* Begin XCVersionGroup section */
		95EC8824282B813E0036AAD5 /* Model.xcdatamodeld */ = {
			isa = XCVersionGroup;
			children = (
				95EC8825282B813E0036AAD5 /* Model.xcdatamodel */,
			);
			currentVersion = 95EC8825282B813E0036AAD5 /* Model.xcdatamodel */;
			path = Model.xcdatamodeld;
			sourceTree = "<group>";
			versionGroupType = wrapper.xcdatamodel;
		};
/* End XCVersionGroup section */
	};
	rootObject = 95D9C2BC28206D2200982FD2 /* Project object */;
}
